
Microsoft Visual Studio Solution File, Format Version 12.00
# Visual Studio 14
VisualStudioVersion = 14.0.23107.0
MinimumVisualStudioVersion = 10.0.40219.1
Project("{FAE04EC0-301F-11D3-BF4B-00C04F79EFBC}") = "PubnubWindowsStore", "PubnubWindowsStore\PubnubWindowsStore.csproj", "{39510061-C790-444D-BA1C-1A946B95D384}"
EndProject
Project("{FAE04EC0-301F-11D3-BF4B-00C04F79EFBC}") = "PubnubCore", "PubnubCore\PubnubCore.csproj", "{55FD6D6C-F121-42B4-8155-B022C3ABF50D}"
EndProject
Project("{FAE04EC0-301F-11D3-BF4B-00C04F79EFBC}") = "PubnubWindowsStore.Test", "PubnubWindowsStore.Test\PubnubWindowsStore.Test.csproj", "{3CB14D4B-A867-4974-9992-4B6B813CC430}"
EndProject
Global
	GlobalSection(SolutionConfigurationPlatforms) = preSolution
		Debug|Any CPU = Debug|Any CPU
		Debug|ARM = Debug|ARM
		Debug|x64 = Debug|x64
		Debug|x86 = Debug|x86
		Release|Any CPU = Release|Any CPU
		Release|ARM = Release|ARM
		Release|x64 = Release|x64
		Release|x86 = Release|x86
	EndGlobalSection
	GlobalSection(ProjectConfigurationPlatforms) = postSolution
		{39510061-C790-444D-BA1C-1A946B95D384}.Debug|Any CPU.ActiveCfg = Debug|x86
		{39510061-C790-444D-BA1C-1A946B95D384}.Debug|ARM.ActiveCfg = Debug|ARM
		{39510061-C790-444D-BA1C-1A946B95D384}.Debug|ARM.Build.0 = Debug|ARM
		{39510061-C790-444D-BA1C-1A946B95D384}.Debug|ARM.Deploy.0 = Debug|ARM
		{39510061-C790-444D-BA1C-1A946B95D384}.Debug|x64.ActiveCfg = Debug|x64
		{39510061-C790-444D-BA1C-1A946B95D384}.Debug|x64.Build.0 = Debug|x64
		{39510061-C790-444D-BA1C-1A946B95D384}.Debug|x64.Deploy.0 = Debug|x64
		{39510061-C790-444D-BA1C-1A946B95D384}.Debug|x86.ActiveCfg = Debug|x86
		{39510061-C790-444D-BA1C-1A946B95D384}.Debug|x86.Build.0 = Debug|x86
		{39510061-C790-444D-BA1C-1A946B95D384}.Debug|x86.Deploy.0 = Debug|x86
		{39510061-C790-444D-BA1C-1A946B95D384}.Release|Any CPU.ActiveCfg = Release|x86
		{39510061-C790-444D-BA1C-1A946B95D384}.Release|ARM.ActiveCfg = Release|ARM
		{39510061-C790-444D-BA1C-1A946B95D384}.Release|ARM.Build.0 = Release|ARM
		{39510061-C790-444D-BA1C-1A946B95D384}.Release|ARM.Deploy.0 = Release|ARM
		{39510061-C790-444D-BA1C-1A946B95D384}.Release|x64.ActiveCfg = Release|x64
		{39510061-C790-444D-BA1C-1A946B95D384}.Release|x64.Build.0 = Release|x64
		{39510061-C790-444D-BA1C-1A946B95D384}.Release|x64.Deploy.0 = Release|x64
		{39510061-C790-444D-BA1C-1A946B95D384}.Release|x86.ActiveCfg = Release|x86
		{39510061-C790-444D-BA1C-1A946B95D384}.Release|x86.Build.0 = Release|x86
		{39510061-C790-444D-BA1C-1A946B95D384}.Release|x86.Deploy.0 = Release|x86
		{55FD6D6C-F121-42B4-8155-B022C3ABF50D}.Debug|Any CPU.ActiveCfg = Debug|Any CPU
		{55FD6D6C-F121-42B4-8155-B022C3ABF50D}.Debug|Any CPU.Build.0 = Debug|Any CPU
		{55FD6D6C-F121-42B4-8155-B022C3ABF50D}.Debug|ARM.ActiveCfg = Debug|ARM
		{55FD6D6C-F121-42B4-8155-B022C3ABF50D}.Debug|ARM.Build.0 = Debug|ARM
		{55FD6D6C-F121-42B4-8155-B022C3ABF50D}.Debug|x64.ActiveCfg = Debug|x64
		{55FD6D6C-F121-42B4-8155-B022C3ABF50D}.Debug|x64.Build.0 = Debug|x64
		{55FD6D6C-F121-42B4-8155-B022C3ABF50D}.Debug|x86.ActiveCfg = Debug|x86
		{55FD6D6C-F121-42B4-8155-B022C3ABF50D}.Debug|x86.Build.0 = Debug|x86
		{55FD6D6C-F121-42B4-8155-B022C3ABF50D}.Release|Any CPU.ActiveCfg = Release|Any CPU
		{55FD6D6C-F121-42B4-8155-B022C3ABF50D}.Release|Any CPU.Build.0 = Release|Any CPU
		{55FD6D6C-F121-42B4-8155-B022C3ABF50D}.Release|ARM.ActiveCfg = Release|ARM
		{55FD6D6C-F121-42B4-8155-B022C3ABF50D}.Release|ARM.Build.0 = Release|ARM
		{55FD6D6C-F121-42B4-8155-B022C3ABF50D}.Release|x64.ActiveCfg = Release|x64
		{55FD6D6C-F121-42B4-8155-B022C3ABF50D}.Release|x64.Build.0 = Release|x64
		{55FD6D6C-F121-42B4-8155-B022C3ABF50D}.Release|x86.ActiveCfg = Release|x86
		{55FD6D6C-F121-42B4-8155-B022C3ABF50D}.Release|x86.Build.0 = Release|x86
		{3CB14D4B-A867-4974-9992-4B6B813CC430}.Debug|Any CPU.ActiveCfg = Debug|x86
		{3CB14D4B-A867-4974-9992-4B6B813CC430}.Debug|Any CPU.Build.0 = Debug|x86
		{3CB14D4B-A867-4974-9992-4B6B813CC430}.Debug|Any CPU.Deploy.0 = Debug|x86
		{3CB14D4B-A867-4974-9992-4B6B813CC430}.Debug|ARM.ActiveCfg = Debug|ARM
		{3CB14D4B-A867-4974-9992-4B6B813CC430}.Debug|ARM.Build.0 = Debug|ARM
		{3CB14D4B-A867-4974-9992-4B6B813CC430}.Debug|ARM.Deploy.0 = Debug|ARM
		{3CB14D4B-A867-4974-9992-4B6B813CC430}.Debug|x64.ActiveCfg = Debug|x64
		{3CB14D4B-A867-4974-9992-4B6B813CC430}.Debug|x64.Build.0 = Debug|x64
		{3CB14D4B-A867-4974-9992-4B6B813CC430}.Debug|x64.Deploy.0 = Debug|x64
		{3CB14D4B-A867-4974-9992-4B6B813CC430}.Debug|x86.ActiveCfg = Debug|x86
		{3CB14D4B-A867-4974-9992-4B6B813CC430}.Debug|x86.Build.0 = Debug|x86
		{3CB14D4B-A867-4974-9992-4B6B813CC430}.Debug|x86.Deploy.0 = Debug|x86
		{3CB14D4B-A867-4974-9992-4B6B813CC430}.Release|Any CPU.ActiveCfg = Release|x86
		{3CB14D4B-A867-4974-9992-4B6B813CC430}.Release|ARM.ActiveCfg = Release|ARM
		{3CB14D4B-A867-4974-9992-4B6B813CC430}.Release|ARM.Build.0 = Release|ARM
		{3CB14D4B-A867-4974-9992-4B6B813CC430}.Release|ARM.Deploy.0 = Release|ARM
		{3CB14D4B-A867-4974-9992-4B6B813CC430}.Release|x64.ActiveCfg = Release|x64
		{3CB14D4B-A867-4974-9992-4B6B813CC430}.Release|x64.Build.0 = Release|x64
		{3CB14D4B-A867-4974-9992-4B6B813CC430}.Release|x64.Deploy.0 = Release|x64
		{3CB14D4B-A867-4974-9992-4B6B813CC430}.Release|x86.ActiveCfg = Release|x86
		{3CB14D4B-A867-4974-9992-4B6B813CC430}.Release|x86.Build.0 = Release|x86
		{3CB14D4B-A867-4974-9992-4B6B813CC430}.Release|x86.Deploy.0 = Release|x86
	EndGlobalSection
	GlobalSection(SolutionProperties) = preSolution
		HideSolutionNode = FALSE
	EndGlobalSection
EndGlobal
