Microsoft Visual Studio Solution File, Format Version 10.00
# Visual Studio 2008
Project("{2150E333-8FDC-42A3-9474-1A3956D46DE8}") = "Solution Items", "Solution Items", "{3F9053C1-1B22-4CFA-B25D-27D95D39C6F8}"
	ProjectSection(SolutionItems) = preProject
		nunitlite.build = nunitlite.build
		nunitlite.build.include = nunitlite.build.include
		osl-3.0.txt = osl-3.0.txt
	EndProjectSection
EndProject
Project("{FAE04EC0-301F-11D3-BF4B-00C04F79EFBC}") = "NUnitLiteCFTests", "NUnitLiteCFTests\NUnitLiteCFTests.csproj", "{127E20C7-9A6F-4342-936E-3D5D655BB1EE}"
EndProject
Project("{FAE04EC0-301F-11D3-BF4B-00C04F79EFBC}") = "NUnitLiteCF", "NUnitLiteCF\NUnitLiteCF.csproj", "{6093CAC1-4A7C-43A5-9E62-61B6021988C7}"
EndProject
Global
	GlobalSection(SolutionConfigurationPlatforms) = preSolution
		Debug|Any CPU = Debug|Any CPU
		Debug|Mixed Platforms = Debug|Mixed Platforms
		Debug|Win32 = Debug|Win32
		Release|Any CPU = Release|Any CPU
		Release|Mixed Platforms = Release|Mixed Platforms
		Release|Win32 = Release|Win32
	EndGlobalSection
	GlobalSection(ProjectConfigurationPlatforms) = postSolution
		{127E20C7-9A6F-4342-936E-3D5D655BB1EE}.Debug|Any CPU.ActiveCfg = Debug|Any CPU
		{127E20C7-9A6F-4342-936E-3D5D655BB1EE}.Debug|Any CPU.Build.0 = Debug|Any CPU
		{127E20C7-9A6F-4342-936E-3D5D655BB1EE}.Debug|Any CPU.Deploy.0 = Debug|Any CPU
		{127E20C7-9A6F-4342-936E-3D5D655BB1EE}.Debug|Mixed Platforms.ActiveCfg = Debug|Any CPU
		{127E20C7-9A6F-4342-936E-3D5D655BB1EE}.Debug|Mixed Platforms.Build.0 = Debug|Any CPU
		{127E20C7-9A6F-4342-936E-3D5D655BB1EE}.Debug|Mixed Platforms.Deploy.0 = Debug|Any CPU
		{127E20C7-9A6F-4342-936E-3D5D655BB1EE}.Debug|Win32.ActiveCfg = Debug|Any CPU
		{127E20C7-9A6F-4342-936E-3D5D655BB1EE}.Release|Any CPU.ActiveCfg = Release|Any CPU
		{127E20C7-9A6F-4342-936E-3D5D655BB1EE}.Release|Any CPU.Build.0 = Release|Any CPU
		{127E20C7-9A6F-4342-936E-3D5D655BB1EE}.Release|Any CPU.Deploy.0 = Release|Any CPU
		{127E20C7-9A6F-4342-936E-3D5D655BB1EE}.Release|Mixed Platforms.ActiveCfg = Release|Any CPU
		{127E20C7-9A6F-4342-936E-3D5D655BB1EE}.Release|Mixed Platforms.Build.0 = Release|Any CPU
		{127E20C7-9A6F-4342-936E-3D5D655BB1EE}.Release|Mixed Platforms.Deploy.0 = Release|Any CPU
		{127E20C7-9A6F-4342-936E-3D5D655BB1EE}.Release|Win32.ActiveCfg = Release|Any CPU
		{6093CAC1-4A7C-43A5-9E62-61B6021988C7}.Debug|Any CPU.ActiveCfg = Debug|Any CPU
		{6093CAC1-4A7C-43A5-9E62-61B6021988C7}.Debug|Any CPU.Build.0 = Debug|Any CPU
		{6093CAC1-4A7C-43A5-9E62-61B6021988C7}.Debug|Mixed Platforms.ActiveCfg = Debug|Any CPU
		{6093CAC1-4A7C-43A5-9E62-61B6021988C7}.Debug|Mixed Platforms.Build.0 = Debug|Any CPU
		{6093CAC1-4A7C-43A5-9E62-61B6021988C7}.Debug|Mixed Platforms.Deploy.0 = Debug|Any CPU
		{6093CAC1-4A7C-43A5-9E62-61B6021988C7}.Debug|Win32.ActiveCfg = Debug|Any CPU
		{6093CAC1-4A7C-43A5-9E62-61B6021988C7}.Release|Any CPU.ActiveCfg = Release|Any CPU
		{6093CAC1-4A7C-43A5-9E62-61B6021988C7}.Release|Any CPU.Build.0 = Release|Any CPU
		{6093CAC1-4A7C-43A5-9E62-61B6021988C7}.Release|Mixed Platforms.ActiveCfg = Release|Any CPU
		{6093CAC1-4A7C-43A5-9E62-61B6021988C7}.Release|Mixed Platforms.Build.0 = Release|Any CPU
		{6093CAC1-4A7C-43A5-9E62-61B6021988C7}.Release|Win32.ActiveCfg = Release|Any CPU
	EndGlobalSection
	GlobalSection(SolutionProperties) = preSolution
		HideSolutionNode = FALSE
	EndGlobalSection
EndGlobal
