Microsoft Visual Studio Solution File, Format Version 9.00
# Visual Studio 2005
Project("{FAE04EC0-301F-11D3-BF4B-00C04F79EFBC}") = "NUnitLiteTests", "NUnitLiteTests\NUnitLiteTests.csproj", "{206D5754-AF15-49CC-9F6C-89C32223FB24}"
EndProject
Project("{2150E333-8FDC-42A3-9474-1A3956D46DE8}") = "Solution Items", "Solution Items", "{3F9053C1-1B22-4CFA-B25D-27D95D39C6F8}"
	ProjectSection(SolutionItems) = preProject
		nunitlite.build = nunitlite.build
		nunitlite.build.include = nunitlite.build.include
		osl-3.0.txt = osl-3.0.txt
	EndProjectSection
EndProject
Project("{FAE04EC0-301F-11D3-BF4B-00C04F79EFBC}") = "NUnitLite", "NUnitLite\NUnitLite.csproj", "{4694D59A-F469-4A4E-9940-5F000777F79C}"
EndProject
Global
	GlobalSection(SolutionConfigurationPlatforms) = preSolution
		Debug|Any CPU = Debug|Any CPU
		Debug|Mixed Platforms = Debug|Mixed Platforms
		Debug|Win32 = Debug|Win32
		Release|Any CPU = Release|Any CPU
		Release|Mixed Platforms = Release|Mixed Platforms
		Release|Win32 = Release|Win32
	EndGlobalSection
	GlobalSection(ProjectConfigurationPlatforms) = postSolution
		{206D5754-AF15-49CC-9F6C-89C32223FB24}.Debug|Any CPU.ActiveCfg = Debug|Any CPU
		{206D5754-AF15-49CC-9F6C-89C32223FB24}.Debug|Any CPU.Build.0 = Debug|Any CPU
		{206D5754-AF15-49CC-9F6C-89C32223FB24}.Debug|Mixed Platforms.ActiveCfg = Debug|Any CPU
		{206D5754-AF15-49CC-9F6C-89C32223FB24}.Debug|Mixed Platforms.Build.0 = Debug|Any CPU
		{206D5754-AF15-49CC-9F6C-89C32223FB24}.Debug|Win32.ActiveCfg = Debug|Any CPU
		{206D5754-AF15-49CC-9F6C-89C32223FB24}.Release|Any CPU.ActiveCfg = Release|Any CPU
		{206D5754-AF15-49CC-9F6C-89C32223FB24}.Release|Any CPU.Build.0 = Release|Any CPU
		{206D5754-AF15-49CC-9F6C-89C32223FB24}.Release|Mixed Platforms.ActiveCfg = Release|Any CPU
		{206D5754-AF15-49CC-9F6C-89C32223FB24}.Release|Mixed Platforms.Build.0 = Release|Any CPU
		{206D5754-AF15-49CC-9F6C-89C32223FB24}.Release|Win32.ActiveCfg = Release|Any CPU
		{4694D59A-F469-4A4E-9940-5F000777F79C}.Debug|Any CPU.ActiveCfg = Debug|Any CPU
		{4694D59A-F469-4A4E-9940-5F000777F79C}.Debug|Any CPU.Build.0 = Debug|Any CPU
		{4694D59A-F469-4A4E-9940-5F000777F79C}.Debug|Mixed Platforms.ActiveCfg = Debug|Any CPU
		{4694D59A-F469-4A4E-9940-5F000777F79C}.Debug|Mixed Platforms.Build.0 = Debug|Any CPU
		{4694D59A-F469-4A4E-9940-5F000777F79C}.Debug|Win32.ActiveCfg = Debug|Any CPU
		{4694D59A-F469-4A4E-9940-5F000777F79C}.Release|Any CPU.ActiveCfg = Release|Any CPU
		{4694D59A-F469-4A4E-9940-5F000777F79C}.Release|Any CPU.Build.0 = Release|Any CPU
		{4694D59A-F469-4A4E-9940-5F000777F79C}.Release|Mixed Platforms.ActiveCfg = Release|Any CPU
		{4694D59A-F469-4A4E-9940-5F000777F79C}.Release|Mixed Platforms.Build.0 = Release|Any CPU
		{4694D59A-F469-4A4E-9940-5F000777F79C}.Release|Win32.ActiveCfg = Release|Any CPU
	EndGlobalSection
	GlobalSection(SolutionProperties) = preSolution
		HideSolutionNode = FALSE
	EndGlobalSection
EndGlobal
