
Microsoft Visual Studio Solution File, Format Version 12.00
# Visual Studio 2012
Project("{FAE04EC0-301F-11D3-BF4B-00C04F79EFBC}") = "PubnubCore", "PubnubCore\PubnubCore.csproj", "{398A6159-A0F3-4D45-8502-2F8247F9B014}"
EndProject
Project("{FAE04EC0-301F-11D3-BF4B-00C04F79EFBC}") = "PubnubExtLib", "PubnubExtLib\PubnubExtLib.csproj", "{CC2C1E90-BE26-432A-8747-5C9E61648DB5}"
EndProject
Project("{FAE04EC0-301F-11D3-BF4B-00C04F79EFBC}") = "PubnubWindowsStore", "PubnubWindowsStore\PubnubWindowsStore.csproj", "{806D3D3F-A7BF-4723-9B40-E22300DE2B22}"
EndProject
Project("{FAE04EC0-301F-11D3-BF4B-00C04F79EFBC}") = "PubnubWindowsStore.Test", "PubnubWindowsStore.Test\PubnubWindowsStore.Test.csproj", "{7952B4C4-C146-469A-A89D-99304927074F}"
EndProject
Global
	GlobalSection(SolutionConfigurationPlatforms) = preSolution
		Debug|Any CPU = Debug|Any CPU
		Debug|ARM = Debug|ARM
		Debug|x64 = Debug|x64
		Debug|x86 = Debug|x86
		Release|Any CPU = Release|Any CPU
		Release|ARM = Release|ARM
		Release|x64 = Release|x64
		Release|x86 = Release|x86
	EndGlobalSection
	GlobalSection(ProjectConfigurationPlatforms) = postSolution
		{398A6159-A0F3-4D45-8502-2F8247F9B014}.Debug|Any CPU.ActiveCfg = Debug|Any CPU
		{398A6159-A0F3-4D45-8502-2F8247F9B014}.Debug|Any CPU.Build.0 = Debug|Any CPU
		{398A6159-A0F3-4D45-8502-2F8247F9B014}.Debug|ARM.ActiveCfg = Debug|ARM
		{398A6159-A0F3-4D45-8502-2F8247F9B014}.Debug|ARM.Build.0 = Debug|ARM
		{398A6159-A0F3-4D45-8502-2F8247F9B014}.Debug|x64.ActiveCfg = Debug|x64
		{398A6159-A0F3-4D45-8502-2F8247F9B014}.Debug|x64.Build.0 = Debug|x64
		{398A6159-A0F3-4D45-8502-2F8247F9B014}.Debug|x86.ActiveCfg = Debug|x86
		{398A6159-A0F3-4D45-8502-2F8247F9B014}.Debug|x86.Build.0 = Debug|x86
		{398A6159-A0F3-4D45-8502-2F8247F9B014}.Release|Any CPU.ActiveCfg = Release|Any CPU
		{398A6159-A0F3-4D45-8502-2F8247F9B014}.Release|Any CPU.Build.0 = Release|Any CPU
		{398A6159-A0F3-4D45-8502-2F8247F9B014}.Release|ARM.ActiveCfg = Release|ARM
		{398A6159-A0F3-4D45-8502-2F8247F9B014}.Release|ARM.Build.0 = Release|ARM
		{398A6159-A0F3-4D45-8502-2F8247F9B014}.Release|x64.ActiveCfg = Release|x64
		{398A6159-A0F3-4D45-8502-2F8247F9B014}.Release|x64.Build.0 = Release|x64
		{398A6159-A0F3-4D45-8502-2F8247F9B014}.Release|x86.ActiveCfg = Release|x86
		{398A6159-A0F3-4D45-8502-2F8247F9B014}.Release|x86.Build.0 = Release|x86
		{CC2C1E90-BE26-432A-8747-5C9E61648DB5}.Debug|Any CPU.ActiveCfg = Debug|Any CPU
		{CC2C1E90-BE26-432A-8747-5C9E61648DB5}.Debug|Any CPU.Build.0 = Debug|Any CPU
		{CC2C1E90-BE26-432A-8747-5C9E61648DB5}.Debug|ARM.ActiveCfg = Debug|ARM
		{CC2C1E90-BE26-432A-8747-5C9E61648DB5}.Debug|ARM.Build.0 = Debug|ARM
		{CC2C1E90-BE26-432A-8747-5C9E61648DB5}.Debug|x64.ActiveCfg = Debug|x64
		{CC2C1E90-BE26-432A-8747-5C9E61648DB5}.Debug|x64.Build.0 = Debug|x64
		{CC2C1E90-BE26-432A-8747-5C9E61648DB5}.Debug|x86.ActiveCfg = Debug|x86
		{CC2C1E90-BE26-432A-8747-5C9E61648DB5}.Debug|x86.Build.0 = Debug|x86
		{CC2C1E90-BE26-432A-8747-5C9E61648DB5}.Release|Any CPU.ActiveCfg = Release|Any CPU
		{CC2C1E90-BE26-432A-8747-5C9E61648DB5}.Release|Any CPU.Build.0 = Release|Any CPU
		{CC2C1E90-BE26-432A-8747-5C9E61648DB5}.Release|ARM.ActiveCfg = Release|ARM
		{CC2C1E90-BE26-432A-8747-5C9E61648DB5}.Release|ARM.Build.0 = Release|ARM
		{CC2C1E90-BE26-432A-8747-5C9E61648DB5}.Release|x64.ActiveCfg = Release|x64
		{CC2C1E90-BE26-432A-8747-5C9E61648DB5}.Release|x64.Build.0 = Release|x64
		{CC2C1E90-BE26-432A-8747-5C9E61648DB5}.Release|x86.ActiveCfg = Release|x86
		{CC2C1E90-BE26-432A-8747-5C9E61648DB5}.Release|x86.Build.0 = Release|x86
		{806D3D3F-A7BF-4723-9B40-E22300DE2B22}.Debug|Any CPU.ActiveCfg = Debug|Any CPU
		{806D3D3F-A7BF-4723-9B40-E22300DE2B22}.Debug|Any CPU.Build.0 = Debug|Any CPU
		{806D3D3F-A7BF-4723-9B40-E22300DE2B22}.Debug|Any CPU.Deploy.0 = Debug|Any CPU
		{806D3D3F-A7BF-4723-9B40-E22300DE2B22}.Debug|ARM.ActiveCfg = Debug|ARM
		{806D3D3F-A7BF-4723-9B40-E22300DE2B22}.Debug|ARM.Build.0 = Debug|ARM
		{806D3D3F-A7BF-4723-9B40-E22300DE2B22}.Debug|ARM.Deploy.0 = Debug|ARM
		{806D3D3F-A7BF-4723-9B40-E22300DE2B22}.Debug|x64.ActiveCfg = Debug|x64
		{806D3D3F-A7BF-4723-9B40-E22300DE2B22}.Debug|x64.Build.0 = Debug|x64
		{806D3D3F-A7BF-4723-9B40-E22300DE2B22}.Debug|x64.Deploy.0 = Debug|x64
		{806D3D3F-A7BF-4723-9B40-E22300DE2B22}.Debug|x86.ActiveCfg = Debug|x86
		{806D3D3F-A7BF-4723-9B40-E22300DE2B22}.Debug|x86.Build.0 = Debug|x86
		{806D3D3F-A7BF-4723-9B40-E22300DE2B22}.Debug|x86.Deploy.0 = Debug|x86
		{806D3D3F-A7BF-4723-9B40-E22300DE2B22}.Release|Any CPU.ActiveCfg = Release|Any CPU
		{806D3D3F-A7BF-4723-9B40-E22300DE2B22}.Release|Any CPU.Build.0 = Release|Any CPU
		{806D3D3F-A7BF-4723-9B40-E22300DE2B22}.Release|Any CPU.Deploy.0 = Release|Any CPU
		{806D3D3F-A7BF-4723-9B40-E22300DE2B22}.Release|ARM.ActiveCfg = Release|ARM
		{806D3D3F-A7BF-4723-9B40-E22300DE2B22}.Release|ARM.Build.0 = Release|ARM
		{806D3D3F-A7BF-4723-9B40-E22300DE2B22}.Release|ARM.Deploy.0 = Release|ARM
		{806D3D3F-A7BF-4723-9B40-E22300DE2B22}.Release|x64.ActiveCfg = Release|x64
		{806D3D3F-A7BF-4723-9B40-E22300DE2B22}.Release|x64.Build.0 = Release|x64
		{806D3D3F-A7BF-4723-9B40-E22300DE2B22}.Release|x64.Deploy.0 = Release|x64
		{806D3D3F-A7BF-4723-9B40-E22300DE2B22}.Release|x86.ActiveCfg = Release|x86
		{806D3D3F-A7BF-4723-9B40-E22300DE2B22}.Release|x86.Build.0 = Release|x86
		{806D3D3F-A7BF-4723-9B40-E22300DE2B22}.Release|x86.Deploy.0 = Release|x86
		{7952B4C4-C146-469A-A89D-99304927074F}.Debug|Any CPU.ActiveCfg = Debug|Any CPU
		{7952B4C4-C146-469A-A89D-99304927074F}.Debug|Any CPU.Build.0 = Debug|Any CPU
		{7952B4C4-C146-469A-A89D-99304927074F}.Debug|ARM.ActiveCfg = Debug|ARM
		{7952B4C4-C146-469A-A89D-99304927074F}.Debug|ARM.Build.0 = Debug|ARM
		{7952B4C4-C146-469A-A89D-99304927074F}.Debug|x64.ActiveCfg = Debug|x64
		{7952B4C4-C146-469A-A89D-99304927074F}.Debug|x64.Build.0 = Debug|x64
		{7952B4C4-C146-469A-A89D-99304927074F}.Debug|x86.ActiveCfg = Debug|x86
		{7952B4C4-C146-469A-A89D-99304927074F}.Debug|x86.Build.0 = Debug|x86
		{7952B4C4-C146-469A-A89D-99304927074F}.Release|Any CPU.ActiveCfg = Release|Any CPU
		{7952B4C4-C146-469A-A89D-99304927074F}.Release|Any CPU.Build.0 = Release|Any CPU
		{7952B4C4-C146-469A-A89D-99304927074F}.Release|ARM.ActiveCfg = Release|ARM
		{7952B4C4-C146-469A-A89D-99304927074F}.Release|ARM.Build.0 = Release|ARM
		{7952B4C4-C146-469A-A89D-99304927074F}.Release|x64.ActiveCfg = Release|x64
		{7952B4C4-C146-469A-A89D-99304927074F}.Release|x64.Build.0 = Release|x64
		{7952B4C4-C146-469A-A89D-99304927074F}.Release|x86.ActiveCfg = Release|x86
		{7952B4C4-C146-469A-A89D-99304927074F}.Release|x86.Build.0 = Release|x86
	EndGlobalSection
	GlobalSection(SolutionProperties) = preSolution
		HideSolutionNode = FALSE
	EndGlobalSection
EndGlobal
