
Microsoft Visual Studio Solution File, Format Version 12.00
# Visual Studio 14
VisualStudioVersion = 14.0.25402.0
MinimumVisualStudioVersion = 10.0.40219.1
Project("{8BB2217D-0F2D-49D1-97BC-3654ED321F3B}") = "PubNub-Messaging", "PubNub-Messaging\PubNub-Messaging.xproj", "{B8F27BDB-C6ED-4611-90CA-A6FC02BDA471}"
EndProject
Project("{8BB2217D-0F2D-49D1-97BC-3654ED321F3B}") = "Pubnub-Messaging.Tests", "Pubnub-Messaging.Tests\Pubnub-Messaging.Tests.xproj", "{088EE6DE-71D5-40A7-BC37-AA24C78940E7}"
EndProject
Project("{8BB2217D-0F2D-49D1-97BC-3654ED321F3B}") = "PubnubConsole", "PubnubConsole\PubnubConsole.xproj", "{36D8985B-370A-483C-85A4-0637F90011F1}"
EndProject
Global
	GlobalSection(SolutionConfigurationPlatforms) = preSolution
		Debug|Any CPU = Debug|Any CPU
		Release|Any CPU = Release|Any CPU
	EndGlobalSection
	GlobalSection(ProjectConfigurationPlatforms) = postSolution
		{B8F27BDB-C6ED-4611-90CA-A6FC02BDA471}.Debug|Any CPU.ActiveCfg = Debug|Any CPU
		{B8F27BDB-C6ED-4611-90CA-A6FC02BDA471}.Debug|Any CPU.Build.0 = Debug|Any CPU
		{B8F27BDB-C6ED-4611-90CA-A6FC02BDA471}.Release|Any CPU.ActiveCfg = Release|Any CPU
		{B8F27BDB-C6ED-4611-90CA-A6FC02BDA471}.Release|Any CPU.Build.0 = Release|Any CPU
		{088EE6DE-71D5-40A7-BC37-AA24C78940E7}.Debug|Any CPU.ActiveCfg = Debug|Any CPU
		{088EE6DE-71D5-40A7-BC37-AA24C78940E7}.Debug|Any CPU.Build.0 = Debug|Any CPU
		{088EE6DE-71D5-40A7-BC37-AA24C78940E7}.Release|Any CPU.ActiveCfg = Release|Any CPU
		{088EE6DE-71D5-40A7-BC37-AA24C78940E7}.Release|Any CPU.Build.0 = Release|Any CPU
		{36D8985B-370A-483C-85A4-0637F90011F1}.Debug|Any CPU.ActiveCfg = Debug|Any CPU
		{36D8985B-370A-483C-85A4-0637F90011F1}.Debug|Any CPU.Build.0 = Debug|Any CPU
		{36D8985B-370A-483C-85A4-0637F90011F1}.Release|Any CPU.ActiveCfg = Release|Any CPU
		{36D8985B-370A-483C-85A4-0637F90011F1}.Release|Any CPU.Build.0 = Release|Any CPU
	EndGlobalSection
	GlobalSection(SolutionProperties) = preSolution
		HideSolutionNode = FALSE
	EndGlobalSection
EndGlobal
