
Microsoft Visual Studio Solution File, Format Version 11.00
# Visual Studio 2010
Project("{FAE04EC0-301F-11D3-BF4B-00C04F79EFBC}") = "Newtonsoft.Json.MonoTouch", "Newtonsoft.Json\Newtonsoft.Json.MonoTouch.csproj", "{12448CD5-D860-4C1C-8B9F-139F3794B9BC}"
EndProject
Project("{FAE04EC0-301F-11D3-BF4B-00C04F79EFBC}") = "PubnubMessaging.Tests", "PubnubMessaging.Tests\PubnubMessaging.Tests.csproj", "{A674B934-4372-441C-9817-32FB7B96B573}"
EndProject
Project("{FAE04EC0-301F-11D3-BF4B-00C04F79EFBC}") = "PubnubMessagingExample", "PubnubMessagingExample\PubnubMessagingExample.csproj", "{3290BFAC-8440-42CF-A329-B75535500DFE}"
EndProject
Project("{FAE04EC0-301F-11D3-BF4B-00C04F79EFBC}") = "PubnubMessaging.Core", "PubnubMessaging\PubnubMessaging.Core.csproj", "{5043AC0F-9885-44F7-8ECC-4BF55B5C8EC5}"
EndProject
Project("{FAE04EC0-301F-11D3-BF4B-00C04F79EFBC}") = "Touch.Unit", "Touch.Unit\Touch.Unit.csproj", "{5DDFD948-5455-40EB-BD67-211EA61F6472}"
EndProject
Project("{FAE04EC0-301F-11D3-BF4B-00C04F79EFBC}") = "Touch.Server", "Touch.Server\Touch.Server.csproj", "{A1303AE1-2693-4DF7-A17B-20C2ABA1E2ED}"
EndProject
Project("{FAE04EC0-301F-11D3-BF4B-00C04F79EFBC}") = "Launcher", "Launcher\Launcher.csproj", "{99E52EF7-9FB0-4BD3-9FD8-EF87C23ED380}"
EndProject
Global
	GlobalSection(SolutionConfigurationPlatforms) = preSolution
		Debug|iPhoneSimulator = Debug|iPhoneSimulator
		Release|iPhoneSimulator = Release|iPhoneSimulator
		Debug|iPhone = Debug|iPhone
		Release|iPhone = Release|iPhone
		Ad-Hoc|iPhone = Ad-Hoc|iPhone
		AppStore|iPhone = AppStore|iPhone
	EndGlobalSection
	GlobalSection(ProjectConfigurationPlatforms) = postSolution
		{12448CD5-D860-4C1C-8B9F-139F3794B9BC}.Ad-Hoc|iPhone.ActiveCfg = Debug|Any CPU
		{12448CD5-D860-4C1C-8B9F-139F3794B9BC}.Ad-Hoc|iPhone.Build.0 = Debug|Any CPU
		{12448CD5-D860-4C1C-8B9F-139F3794B9BC}.AppStore|iPhone.ActiveCfg = Debug|Any CPU
		{12448CD5-D860-4C1C-8B9F-139F3794B9BC}.AppStore|iPhone.Build.0 = Debug|Any CPU
		{12448CD5-D860-4C1C-8B9F-139F3794B9BC}.Debug|iPhone.ActiveCfg = Debug|Any CPU
		{12448CD5-D860-4C1C-8B9F-139F3794B9BC}.Debug|iPhone.Build.0 = Debug|Any CPU
		{12448CD5-D860-4C1C-8B9F-139F3794B9BC}.Debug|iPhoneSimulator.ActiveCfg = Debug|Any CPU
		{12448CD5-D860-4C1C-8B9F-139F3794B9BC}.Debug|iPhoneSimulator.Build.0 = Debug|Any CPU
		{12448CD5-D860-4C1C-8B9F-139F3794B9BC}.Release|iPhone.ActiveCfg = Release|Any CPU
		{12448CD5-D860-4C1C-8B9F-139F3794B9BC}.Release|iPhone.Build.0 = Release|Any CPU
		{12448CD5-D860-4C1C-8B9F-139F3794B9BC}.Release|iPhoneSimulator.ActiveCfg = Release|Any CPU
		{12448CD5-D860-4C1C-8B9F-139F3794B9BC}.Release|iPhoneSimulator.Build.0 = Release|Any CPU
		{3290BFAC-8440-42CF-A329-B75535500DFE}.Ad-Hoc|iPhone.ActiveCfg = Ad-Hoc|iPhone
		{3290BFAC-8440-42CF-A329-B75535500DFE}.Ad-Hoc|iPhone.Build.0 = Ad-Hoc|iPhone
		{3290BFAC-8440-42CF-A329-B75535500DFE}.AppStore|iPhone.ActiveCfg = AppStore|iPhone
		{3290BFAC-8440-42CF-A329-B75535500DFE}.AppStore|iPhone.Build.0 = AppStore|iPhone
		{3290BFAC-8440-42CF-A329-B75535500DFE}.Debug|iPhone.ActiveCfg = Debug|iPhone
		{3290BFAC-8440-42CF-A329-B75535500DFE}.Debug|iPhone.Build.0 = Debug|iPhone
		{3290BFAC-8440-42CF-A329-B75535500DFE}.Debug|iPhoneSimulator.ActiveCfg = Debug|iPhoneSimulator
		{3290BFAC-8440-42CF-A329-B75535500DFE}.Debug|iPhoneSimulator.Build.0 = Debug|iPhoneSimulator
		{3290BFAC-8440-42CF-A329-B75535500DFE}.Release|iPhone.ActiveCfg = Release|iPhone
		{3290BFAC-8440-42CF-A329-B75535500DFE}.Release|iPhone.Build.0 = Release|iPhone
		{3290BFAC-8440-42CF-A329-B75535500DFE}.Release|iPhoneSimulator.ActiveCfg = Release|iPhoneSimulator
		{3290BFAC-8440-42CF-A329-B75535500DFE}.Release|iPhoneSimulator.Build.0 = Release|iPhoneSimulator
		{5043AC0F-9885-44F7-8ECC-4BF55B5C8EC5}.Ad-Hoc|iPhone.ActiveCfg = Release|Any CPU
		{5043AC0F-9885-44F7-8ECC-4BF55B5C8EC5}.Ad-Hoc|iPhone.Build.0 = Release|Any CPU
		{5043AC0F-9885-44F7-8ECC-4BF55B5C8EC5}.AppStore|iPhone.ActiveCfg = Release|Any CPU
		{5043AC0F-9885-44F7-8ECC-4BF55B5C8EC5}.AppStore|iPhone.Build.0 = Release|Any CPU
		{5043AC0F-9885-44F7-8ECC-4BF55B5C8EC5}.Debug|iPhone.ActiveCfg = Debug|Any CPU
		{5043AC0F-9885-44F7-8ECC-4BF55B5C8EC5}.Debug|iPhone.Build.0 = Debug|Any CPU
		{5043AC0F-9885-44F7-8ECC-4BF55B5C8EC5}.Debug|iPhoneSimulator.ActiveCfg = Debug|Any CPU
		{5043AC0F-9885-44F7-8ECC-4BF55B5C8EC5}.Debug|iPhoneSimulator.Build.0 = Debug|Any CPU
		{5043AC0F-9885-44F7-8ECC-4BF55B5C8EC5}.Release|iPhone.ActiveCfg = Release|Any CPU
		{5043AC0F-9885-44F7-8ECC-4BF55B5C8EC5}.Release|iPhone.Build.0 = Release|Any CPU
		{5043AC0F-9885-44F7-8ECC-4BF55B5C8EC5}.Release|iPhoneSimulator.ActiveCfg = Release|Any CPU
		{5043AC0F-9885-44F7-8ECC-4BF55B5C8EC5}.Release|iPhoneSimulator.Build.0 = Release|Any CPU
		{5DDFD948-5455-40EB-BD67-211EA61F6472}.Ad-Hoc|iPhone.ActiveCfg = Release|iPhone
		{5DDFD948-5455-40EB-BD67-211EA61F6472}.Ad-Hoc|iPhone.Build.0 = Release|iPhone
		{5DDFD948-5455-40EB-BD67-211EA61F6472}.AppStore|iPhone.ActiveCfg = Release|iPhone
		{5DDFD948-5455-40EB-BD67-211EA61F6472}.AppStore|iPhone.Build.0 = Release|iPhone
		{5DDFD948-5455-40EB-BD67-211EA61F6472}.Debug|iPhone.ActiveCfg = Debug|iPhone
		{5DDFD948-5455-40EB-BD67-211EA61F6472}.Debug|iPhone.Build.0 = Debug|iPhone
		{5DDFD948-5455-40EB-BD67-211EA61F6472}.Debug|iPhoneSimulator.ActiveCfg = Debug|iPhoneSimulator
		{5DDFD948-5455-40EB-BD67-211EA61F6472}.Debug|iPhoneSimulator.Build.0 = Debug|iPhoneSimulator
		{5DDFD948-5455-40EB-BD67-211EA61F6472}.Release|iPhone.ActiveCfg = Release|iPhone
		{5DDFD948-5455-40EB-BD67-211EA61F6472}.Release|iPhone.Build.0 = Release|iPhone
		{5DDFD948-5455-40EB-BD67-211EA61F6472}.Release|iPhoneSimulator.ActiveCfg = Release|iPhoneSimulator
		{5DDFD948-5455-40EB-BD67-211EA61F6472}.Release|iPhoneSimulator.Build.0 = Release|iPhoneSimulator
		{99E52EF7-9FB0-4BD3-9FD8-EF87C23ED380}.Ad-Hoc|iPhone.ActiveCfg = Debug|iPhoneSimulator
		{99E52EF7-9FB0-4BD3-9FD8-EF87C23ED380}.Ad-Hoc|iPhone.Build.0 = Debug|iPhoneSimulator
		{99E52EF7-9FB0-4BD3-9FD8-EF87C23ED380}.AppStore|iPhone.ActiveCfg = Debug|iPhoneSimulator
		{99E52EF7-9FB0-4BD3-9FD8-EF87C23ED380}.AppStore|iPhone.Build.0 = Debug|iPhoneSimulator
		{99E52EF7-9FB0-4BD3-9FD8-EF87C23ED380}.Debug|iPhone.ActiveCfg = Debug|iPhoneSimulator
		{99E52EF7-9FB0-4BD3-9FD8-EF87C23ED380}.Debug|iPhone.Build.0 = Debug|iPhoneSimulator
		{99E52EF7-9FB0-4BD3-9FD8-EF87C23ED380}.Debug|iPhoneSimulator.ActiveCfg = Debug|iPhoneSimulator
		{99E52EF7-9FB0-4BD3-9FD8-EF87C23ED380}.Debug|iPhoneSimulator.Build.0 = Debug|iPhoneSimulator
		{99E52EF7-9FB0-4BD3-9FD8-EF87C23ED380}.Release|iPhone.ActiveCfg = Release|iPhoneSimulator
		{99E52EF7-9FB0-4BD3-9FD8-EF87C23ED380}.Release|iPhone.Build.0 = Release|iPhoneSimulator
		{99E52EF7-9FB0-4BD3-9FD8-EF87C23ED380}.Release|iPhoneSimulator.ActiveCfg = Release|iPhoneSimulator
		{99E52EF7-9FB0-4BD3-9FD8-EF87C23ED380}.Release|iPhoneSimulator.Build.0 = Release|iPhoneSimulator
		{A1303AE1-2693-4DF7-A17B-20C2ABA1E2ED}.Ad-Hoc|iPhone.ActiveCfg = Release|iPhone
		{A1303AE1-2693-4DF7-A17B-20C2ABA1E2ED}.Ad-Hoc|iPhone.Build.0 = Release|iPhone
		{A1303AE1-2693-4DF7-A17B-20C2ABA1E2ED}.AppStore|iPhone.ActiveCfg = Release|iPhone
		{A1303AE1-2693-4DF7-A17B-20C2ABA1E2ED}.AppStore|iPhone.Build.0 = Release|iPhone
		{A1303AE1-2693-4DF7-A17B-20C2ABA1E2ED}.Debug|iPhone.ActiveCfg = Debug|iPhone
		{A1303AE1-2693-4DF7-A17B-20C2ABA1E2ED}.Debug|iPhone.Build.0 = Debug|iPhone
		{A1303AE1-2693-4DF7-A17B-20C2ABA1E2ED}.Debug|iPhoneSimulator.ActiveCfg = Debug|iPhone
		{A1303AE1-2693-4DF7-A17B-20C2ABA1E2ED}.Debug|iPhoneSimulator.Build.0 = Debug|iPhone
		{A1303AE1-2693-4DF7-A17B-20C2ABA1E2ED}.Release|iPhone.ActiveCfg = Release|iPhone
		{A1303AE1-2693-4DF7-A17B-20C2ABA1E2ED}.Release|iPhone.Build.0 = Release|iPhone
		{A1303AE1-2693-4DF7-A17B-20C2ABA1E2ED}.Release|iPhoneSimulator.ActiveCfg = Release|iPhone
		{A1303AE1-2693-4DF7-A17B-20C2ABA1E2ED}.Release|iPhoneSimulator.Build.0 = Release|iPhone
		{A674B934-4372-441C-9817-32FB7B96B573}.Ad-Hoc|iPhone.ActiveCfg = Ad-Hoc|iPhone
		{A674B934-4372-441C-9817-32FB7B96B573}.Ad-Hoc|iPhone.Build.0 = Ad-Hoc|iPhone
		{A674B934-4372-441C-9817-32FB7B96B573}.AppStore|iPhone.ActiveCfg = AppStore|iPhone
		{A674B934-4372-441C-9817-32FB7B96B573}.AppStore|iPhone.Build.0 = AppStore|iPhone
		{A674B934-4372-441C-9817-32FB7B96B573}.Debug|iPhone.ActiveCfg = Debug|iPhone
		{A674B934-4372-441C-9817-32FB7B96B573}.Debug|iPhone.Build.0 = Debug|iPhone
		{A674B934-4372-441C-9817-32FB7B96B573}.Debug|iPhoneSimulator.ActiveCfg = Debug|iPhoneSimulator
		{A674B934-4372-441C-9817-32FB7B96B573}.Debug|iPhoneSimulator.Build.0 = Debug|iPhoneSimulator
		{A674B934-4372-441C-9817-32FB7B96B573}.Release|iPhone.ActiveCfg = Release|iPhone
		{A674B934-4372-441C-9817-32FB7B96B573}.Release|iPhone.Build.0 = Release|iPhone
		{A674B934-4372-441C-9817-32FB7B96B573}.Release|iPhoneSimulator.ActiveCfg = Release|iPhoneSimulator
		{A674B934-4372-441C-9817-32FB7B96B573}.Release|iPhoneSimulator.Build.0 = Release|iPhoneSimulator
	EndGlobalSection
	GlobalSection(MonoDevelopProperties) = preSolution
		Policies = $0
		$0.TextStylePolicy = $1
		$1.inheritsSet = null
		$1.scope = text/x-csharp
		$0.CSharpFormattingPolicy = $2
		$2.AfterDelegateDeclarationParameterComma = True
		$2.inheritsSet = Mono
		$2.inheritsScope = text/x-csharp
		$2.scope = text/x-csharp
		$0.TextStylePolicy = $3
		$3.FileWidth = 120
		$3.inheritsSet = VisualStudio
		$3.inheritsScope = text/plain
		$3.scope = text/plain
	EndGlobalSection
EndGlobal
