
Microsoft Visual Studio Solution File, Format Version 12.00
# Visual Studio 15
VisualStudioVersion = 15.0.27130.2027
MinimumVisualStudioVersion = 10.0.40219.1
Project("{FAE04EC0-301F-11D3-BF4B-00C04F79EFBC}") = "PubnubApi.WinFormExample", "PubnubApi.WinFormExample.csproj", "{FD05094A-7175-4973-8643-4364561084D9}"
EndProject
Global
	GlobalSection(SolutionConfigurationPlatforms) = preSolution
		Debug|Any CPU = Debug|Any CPU
		Release|Any CPU = Release|Any CPU
	EndGlobalSection
	GlobalSection(ProjectConfigurationPlatforms) = postSolution
		{FD05094A-7175-4973-8643-4364561084D9}.Debug|Any CPU.ActiveCfg = Debug|Any CPU
		{FD05094A-7175-4973-8643-4364561084D9}.Debug|Any CPU.Build.0 = Debug|Any CPU
		{FD05094A-7175-4973-8643-4364561084D9}.Release|Any CPU.ActiveCfg = Release|Any CPU
		{FD05094A-7175-4973-8643-4364561084D9}.Release|Any CPU.Build.0 = Release|Any CPU
	EndGlobalSection
	GlobalSection(SolutionProperties) = preSolution
		HideSolutionNode = FALSE
	EndGlobalSection
	GlobalSection(ExtensibilityGlobals) = postSolution
		SolutionGuid = {57071348-166E-48BA-967A-097A7110403F}
	EndGlobalSection
EndGlobal
