
Microsoft Visual Studio Solution File, Format Version 12.00
# Visual Studio 2012
Project("{FAE04EC0-301F-11D3-BF4B-00C04F79EFBC}") = "PubnubWindowsPhone", "PubnubWindowsPhone\PubnubWindowsPhone.csproj", "{22D86202-AF98-47F6-85BE-C04125393790}"
EndProject
Project("{FAE04EC0-301F-11D3-BF4B-00C04F79EFBC}") = "PubnubWindowsPhone.Test", "PubnubWindowsPhone.Test\PubnubWindowsPhone.Test.csproj", "{78E33F82-9049-4CC3-8579-BDDE677A4509}"
EndProject
Global
	GlobalSection(SolutionConfigurationPlatforms) = preSolution
		Debug|Any CPU = Debug|Any CPU
		Debug|ARM = Debug|ARM
		Debug|x86 = Debug|x86
		Release|Any CPU = Release|Any CPU
		Release|ARM = Release|ARM
		Release|x86 = Release|x86
	EndGlobalSection
	GlobalSection(ProjectConfigurationPlatforms) = postSolution
		{22D86202-AF98-47F6-85BE-C04125393790}.Debug|Any CPU.ActiveCfg = Debug|Any CPU
		{22D86202-AF98-47F6-85BE-C04125393790}.Debug|Any CPU.Build.0 = Debug|Any CPU
		{22D86202-AF98-47F6-85BE-C04125393790}.Debug|Any CPU.Deploy.0 = Debug|Any CPU
		{22D86202-AF98-47F6-85BE-C04125393790}.Debug|ARM.ActiveCfg = Debug|ARM
		{22D86202-AF98-47F6-85BE-C04125393790}.Debug|ARM.Build.0 = Debug|ARM
		{22D86202-AF98-47F6-85BE-C04125393790}.Debug|ARM.Deploy.0 = Debug|ARM
		{22D86202-AF98-47F6-85BE-C04125393790}.Debug|x86.ActiveCfg = Debug|x86
		{22D86202-AF98-47F6-85BE-C04125393790}.Debug|x86.Build.0 = Debug|x86
		{22D86202-AF98-47F6-85BE-C04125393790}.Debug|x86.Deploy.0 = Debug|x86
		{22D86202-AF98-47F6-85BE-C04125393790}.Release|Any CPU.ActiveCfg = Release|Any CPU
		{22D86202-AF98-47F6-85BE-C04125393790}.Release|Any CPU.Build.0 = Release|Any CPU
		{22D86202-AF98-47F6-85BE-C04125393790}.Release|ARM.ActiveCfg = Release|ARM
		{22D86202-AF98-47F6-85BE-C04125393790}.Release|ARM.Build.0 = Release|ARM
		{22D86202-AF98-47F6-85BE-C04125393790}.Release|ARM.Deploy.0 = Release|ARM
		{22D86202-AF98-47F6-85BE-C04125393790}.Release|x86.ActiveCfg = Release|x86
		{22D86202-AF98-47F6-85BE-C04125393790}.Release|x86.Build.0 = Release|x86
		{22D86202-AF98-47F6-85BE-C04125393790}.Release|x86.Deploy.0 = Release|x86
		{78E33F82-9049-4CC3-8579-BDDE677A4509}.Debug|Any CPU.ActiveCfg = Debug|Any CPU
		{78E33F82-9049-4CC3-8579-BDDE677A4509}.Debug|ARM.ActiveCfg = Debug|ARM
		{78E33F82-9049-4CC3-8579-BDDE677A4509}.Debug|ARM.Build.0 = Debug|ARM
		{78E33F82-9049-4CC3-8579-BDDE677A4509}.Debug|ARM.Deploy.0 = Debug|ARM
		{78E33F82-9049-4CC3-8579-BDDE677A4509}.Debug|x86.ActiveCfg = Debug|x86
		{78E33F82-9049-4CC3-8579-BDDE677A4509}.Debug|x86.Build.0 = Debug|x86
		{78E33F82-9049-4CC3-8579-BDDE677A4509}.Debug|x86.Deploy.0 = Debug|x86
		{78E33F82-9049-4CC3-8579-BDDE677A4509}.Release|Any CPU.ActiveCfg = Release|Any CPU
		{78E33F82-9049-4CC3-8579-BDDE677A4509}.Release|Any CPU.Build.0 = Release|Any CPU
		{78E33F82-9049-4CC3-8579-BDDE677A4509}.Release|Any CPU.Deploy.0 = Release|Any CPU
		{78E33F82-9049-4CC3-8579-BDDE677A4509}.Release|ARM.ActiveCfg = Release|ARM
		{78E33F82-9049-4CC3-8579-BDDE677A4509}.Release|ARM.Build.0 = Release|ARM
		{78E33F82-9049-4CC3-8579-BDDE677A4509}.Release|ARM.Deploy.0 = Release|ARM
		{78E33F82-9049-4CC3-8579-BDDE677A4509}.Release|x86.ActiveCfg = Release|x86
		{78E33F82-9049-4CC3-8579-BDDE677A4509}.Release|x86.Build.0 = Release|x86
		{78E33F82-9049-4CC3-8579-BDDE677A4509}.Release|x86.Deploy.0 = Release|x86
	EndGlobalSection
	GlobalSection(SolutionProperties) = preSolution
		HideSolutionNode = FALSE
	EndGlobalSection
EndGlobal
