
Microsoft Visual Studio Solution File, Format Version 10.00
# Visual Studio 2008
Project("{FAE04EC0-301F-11D3-BF4B-00C04F79EFBC}") = "PubNub-Messaging", "PubNub-Messaging\PubNub-Messaging.csproj", "{E703191D-1F6F-49E3-9419-11AB712C1694}"
EndProject
Project("{FAE04EC0-301F-11D3-BF4B-00C04F79EFBC}") = "PubNub-Messaging.Tests", "PubNub-Messaging.Tests\PubNub-Messaging.Tests.csproj", "{32AAC132-93B4-48B0-80A7-77EC137F5021}"
EndProject
Project("{FAE04EC0-301F-11D3-BF4B-00C04F79EFBC}") = "crypto", "crypto\crypto.csproj", "{38872A5F-E87E-4FAD-B109-8EB7B2E6A4A0}"
EndProject
Project("{FAE04EC0-301F-11D3-BF4B-00C04F79EFBC}") = "PubNubMessagingExample", "PubNubMessagingExample\PubNubMessagingExample.csproj", "{A905C440-CE72-47FA-8655-FEA194C268C9}"
EndProject
Project("{FAE04EC0-301F-11D3-BF4B-00C04F79EFBC}") = "Newtonsoft.Json.Compact2", "Newtonsoft.Json-3.5.7\Newtonsoft.Json-3.5.7\Src\Newtonsoft.Json.Compact2\Newtonsoft.Json.Compact2.csproj", "{B33FC777-4FFD-4C3E-AE8E-CFF30969B3E6}"
EndProject
Project("{FAE04EC0-301F-11D3-BF4B-00C04F79EFBC}") = "NUnitLiteCF", "NUnitLite-0.2.0\src\NUnitLiteCF\NUnitLiteCF.csproj", "{6093CAC1-4A7C-43A5-9E62-61B6021988C7}"
EndProject
Project("{FAE04EC0-301F-11D3-BF4B-00C04F79EFBC}") = "ConcurrentHashtable", "ConcurrentHashtable\ConcurrentHashtable.csproj", "{A0D66C4D-FC34-48D7-9741-CCFD16FD7920}"
EndProject
Global
	GlobalSection(SolutionConfigurationPlatforms) = preSolution
		Debug|Any CPU = Debug|Any CPU
		Release|Any CPU = Release|Any CPU
	EndGlobalSection
	GlobalSection(ProjectConfigurationPlatforms) = postSolution
		{E703191D-1F6F-49E3-9419-11AB712C1694}.Debug|Any CPU.ActiveCfg = Debug|Any CPU
		{E703191D-1F6F-49E3-9419-11AB712C1694}.Debug|Any CPU.Build.0 = Debug|Any CPU
		{E703191D-1F6F-49E3-9419-11AB712C1694}.Release|Any CPU.ActiveCfg = Release|Any CPU
		{E703191D-1F6F-49E3-9419-11AB712C1694}.Release|Any CPU.Build.0 = Release|Any CPU
		{32AAC132-93B4-48B0-80A7-77EC137F5021}.Debug|Any CPU.ActiveCfg = Debug|Any CPU
		{32AAC132-93B4-48B0-80A7-77EC137F5021}.Debug|Any CPU.Build.0 = Debug|Any CPU
		{32AAC132-93B4-48B0-80A7-77EC137F5021}.Debug|Any CPU.Deploy.0 = Debug|Any CPU
		{32AAC132-93B4-48B0-80A7-77EC137F5021}.Release|Any CPU.ActiveCfg = Release|Any CPU
		{32AAC132-93B4-48B0-80A7-77EC137F5021}.Release|Any CPU.Build.0 = Release|Any CPU
		{32AAC132-93B4-48B0-80A7-77EC137F5021}.Release|Any CPU.Deploy.0 = Release|Any CPU
		{38872A5F-E87E-4FAD-B109-8EB7B2E6A4A0}.Debug|Any CPU.ActiveCfg = Release|Any CPU
		{38872A5F-E87E-4FAD-B109-8EB7B2E6A4A0}.Debug|Any CPU.Build.0 = Release|Any CPU
		{38872A5F-E87E-4FAD-B109-8EB7B2E6A4A0}.Release|Any CPU.ActiveCfg = Release|Any CPU
		{38872A5F-E87E-4FAD-B109-8EB7B2E6A4A0}.Release|Any CPU.Build.0 = Release|Any CPU
		{A905C440-CE72-47FA-8655-FEA194C268C9}.Debug|Any CPU.ActiveCfg = Debug|Any CPU
		{A905C440-CE72-47FA-8655-FEA194C268C9}.Debug|Any CPU.Build.0 = Debug|Any CPU
		{A905C440-CE72-47FA-8655-FEA194C268C9}.Debug|Any CPU.Deploy.0 = Debug|Any CPU
		{A905C440-CE72-47FA-8655-FEA194C268C9}.Release|Any CPU.ActiveCfg = Release|Any CPU
		{A905C440-CE72-47FA-8655-FEA194C268C9}.Release|Any CPU.Build.0 = Release|Any CPU
		{A905C440-CE72-47FA-8655-FEA194C268C9}.Release|Any CPU.Deploy.0 = Release|Any CPU
		{B33FC777-4FFD-4C3E-AE8E-CFF30969B3E6}.Debug|Any CPU.ActiveCfg = Debug|Any CPU
		{B33FC777-4FFD-4C3E-AE8E-CFF30969B3E6}.Debug|Any CPU.Build.0 = Debug|Any CPU
		{B33FC777-4FFD-4C3E-AE8E-CFF30969B3E6}.Release|Any CPU.ActiveCfg = Release|Any CPU
		{B33FC777-4FFD-4C3E-AE8E-CFF30969B3E6}.Release|Any CPU.Build.0 = Release|Any CPU
		{6093CAC1-4A7C-43A5-9E62-61B6021988C7}.Debug|Any CPU.ActiveCfg = Debug|Any CPU
		{6093CAC1-4A7C-43A5-9E62-61B6021988C7}.Debug|Any CPU.Build.0 = Debug|Any CPU
		{6093CAC1-4A7C-43A5-9E62-61B6021988C7}.Release|Any CPU.ActiveCfg = Release|Any CPU
		{6093CAC1-4A7C-43A5-9E62-61B6021988C7}.Release|Any CPU.Build.0 = Release|Any CPU
		{A0D66C4D-FC34-48D7-9741-CCFD16FD7920}.Debug|Any CPU.ActiveCfg = Debug|Any CPU
		{A0D66C4D-FC34-48D7-9741-CCFD16FD7920}.Debug|Any CPU.Build.0 = Debug|Any CPU
		{A0D66C4D-FC34-48D7-9741-CCFD16FD7920}.Release|Any CPU.ActiveCfg = Release|Any CPU
		{A0D66C4D-FC34-48D7-9741-CCFD16FD7920}.Release|Any CPU.Build.0 = Release|Any CPU
	EndGlobalSection
	GlobalSection(SolutionProperties) = preSolution
		HideSolutionNode = FALSE
	EndGlobalSection
EndGlobal
