
Microsoft Visual Studio Solution File, Format Version 12.00
# Visual Studio 14
VisualStudioVersion = 14.0.25420.1
MinimumVisualStudioVersion = 10.0.40219.1
Project("{2150E333-8FDC-42A3-9474-1A3956D46DE8}") = "Api", "Api", "{F101EAB9-89CA-4ACB-A72B-0660F4C9CC38}"
EndProject
Project("{2150E333-8FDC-42A3-9474-1A3956D46DE8}") = "Examples", "Examples", "{274DEDF4-13D2-475A-A688-2D537E970901}"
EndProject
Project("{2150E333-8FDC-42A3-9474-1A3956D46DE8}") = "UnitTests", "UnitTests", "{D2051EEF-B0DA-43C4-8569-4D48FE76A5CB}"
EndProject
Project("{FAE04EC0-301F-11D3-BF4B-00C04F79EFBC}") = "MockServer", "UnitTests\MockServer\MockServer.csproj", "{0BD7FD95-EBC0-4B57-A589-D84B92EF6056}"
EndProject
Project("{2150E333-8FDC-42A3-9474-1A3956D46DE8}") = "Solution Items", "Solution Items", "{D5BC8314-0679-4C5E-8B78-1CE761739794}"
	ProjectSection(SolutionItems) = preProject
		global.json = global.json
	EndProjectSection
EndProject
Project("{8BB2217D-0F2D-49D1-97BC-3654ED321F3B}") = "PubnubApi", "Api\PubnubApi\PubnubApi.xproj", "{3EFC211D-8B9A-4B3E-94B5-71ABDBBC6848}"
EndProject
Project("{8BB2217D-0F2D-49D1-97BC-3654ED321F3B}") = "PubnubApiPCL", "Api\PubnubApiPCL\PubnubApiPCL.xproj", "{B23455AF-6376-482C-BBED-74C3744D6AA6}"
EndProject
Project("{FAE04EC0-301F-11D3-BF4B-00C04F79EFBC}") = "PubnubApi.ConsoleExample", "Examples\PubnubApi.ConsoleExample\PubnubApi.ConsoleExample.csproj", "{07F3E54E-5BE0-4857-9B46-2A0C062A2D49}"
EndProject
Project("{FAE04EC0-301F-11D3-BF4B-00C04F79EFBC}") = "PubnubApi.Tests", "UnitTests\PubnubApi.Tests\PubnubApi.Tests.csproj", "{951BD84A-40C7-4B8D-B27E-658F8ADAE20F}"
EndProject
Project("{FAE04EC0-301F-11D3-BF4B-00C04F79EFBC}") = "PubnubApiUWP", "Api\PubnubApiUWP\PubnubApiUWP.csproj", "{46972503-A02E-4A1E-AE6E-2409096D1A04}"
EndProject
Global
	GlobalSection(SolutionConfigurationPlatforms) = preSolution
		Debug_Ubuntu|Any CPU = Debug_Ubuntu|Any CPU
		Debug_Ubuntu|ARM = Debug_Ubuntu|ARM
		Debug_Ubuntu|x64 = Debug_Ubuntu|x64
		Debug_Ubuntu|x86 = Debug_Ubuntu|x86
		Debug|Any CPU = Debug|Any CPU
		Debug|ARM = Debug|ARM
		Debug|x64 = Debug|x64
		Debug|x86 = Debug|x86
		Release_Ubuntu|Any CPU = Release_Ubuntu|Any CPU
		Release_Ubuntu|ARM = Release_Ubuntu|ARM
		Release_Ubuntu|x64 = Release_Ubuntu|x64
		Release_Ubuntu|x86 = Release_Ubuntu|x86
		Release|Any CPU = Release|Any CPU
		Release|ARM = Release|ARM
		Release|x64 = Release|x64
		Release|x86 = Release|x86
	EndGlobalSection
	GlobalSection(ProjectConfigurationPlatforms) = postSolution
		{0BD7FD95-EBC0-4B57-A589-D84B92EF6056}.Debug_Ubuntu|Any CPU.ActiveCfg = Debug|Any CPU
		{0BD7FD95-EBC0-4B57-A589-D84B92EF6056}.Debug_Ubuntu|Any CPU.Build.0 = Debug|Any CPU
		{0BD7FD95-EBC0-4B57-A589-D84B92EF6056}.Debug_Ubuntu|ARM.ActiveCfg = Debug|Any CPU
		{0BD7FD95-EBC0-4B57-A589-D84B92EF6056}.Debug_Ubuntu|ARM.Build.0 = Debug|Any CPU
		{0BD7FD95-EBC0-4B57-A589-D84B92EF6056}.Debug_Ubuntu|x64.ActiveCfg = Debug|Any CPU
		{0BD7FD95-EBC0-4B57-A589-D84B92EF6056}.Debug_Ubuntu|x64.Build.0 = Debug|Any CPU
		{0BD7FD95-EBC0-4B57-A589-D84B92EF6056}.Debug_Ubuntu|x86.ActiveCfg = Debug|Any CPU
		{0BD7FD95-EBC0-4B57-A589-D84B92EF6056}.Debug_Ubuntu|x86.Build.0 = Debug|Any CPU
		{0BD7FD95-EBC0-4B57-A589-D84B92EF6056}.Debug|Any CPU.ActiveCfg = Debug|Any CPU
		{0BD7FD95-EBC0-4B57-A589-D84B92EF6056}.Debug|Any CPU.Build.0 = Debug|Any CPU
		{0BD7FD95-EBC0-4B57-A589-D84B92EF6056}.Debug|ARM.ActiveCfg = Debug|Any CPU
		{0BD7FD95-EBC0-4B57-A589-D84B92EF6056}.Debug|ARM.Build.0 = Debug|Any CPU
		{0BD7FD95-EBC0-4B57-A589-D84B92EF6056}.Debug|x64.ActiveCfg = Debug|Any CPU
		{0BD7FD95-EBC0-4B57-A589-D84B92EF6056}.Debug|x64.Build.0 = Debug|Any CPU
		{0BD7FD95-EBC0-4B57-A589-D84B92EF6056}.Debug|x86.ActiveCfg = Debug|Any CPU
		{0BD7FD95-EBC0-4B57-A589-D84B92EF6056}.Debug|x86.Build.0 = Debug|Any CPU
		{0BD7FD95-EBC0-4B57-A589-D84B92EF6056}.Release_Ubuntu|Any CPU.ActiveCfg = Release|Any CPU
		{0BD7FD95-EBC0-4B57-A589-D84B92EF6056}.Release_Ubuntu|Any CPU.Build.0 = Release|Any CPU
		{0BD7FD95-EBC0-4B57-A589-D84B92EF6056}.Release_Ubuntu|ARM.ActiveCfg = Release|Any CPU
		{0BD7FD95-EBC0-4B57-A589-D84B92EF6056}.Release_Ubuntu|ARM.Build.0 = Release|Any CPU
		{0BD7FD95-EBC0-4B57-A589-D84B92EF6056}.Release_Ubuntu|x64.ActiveCfg = Release|Any CPU
		{0BD7FD95-EBC0-4B57-A589-D84B92EF6056}.Release_Ubuntu|x64.Build.0 = Release|Any CPU
		{0BD7FD95-EBC0-4B57-A589-D84B92EF6056}.Release_Ubuntu|x86.ActiveCfg = Release|Any CPU
		{0BD7FD95-EBC0-4B57-A589-D84B92EF6056}.Release_Ubuntu|x86.Build.0 = Release|Any CPU
		{0BD7FD95-EBC0-4B57-A589-D84B92EF6056}.Release|Any CPU.ActiveCfg = Release|Any CPU
		{0BD7FD95-EBC0-4B57-A589-D84B92EF6056}.Release|Any CPU.Build.0 = Release|Any CPU
		{0BD7FD95-EBC0-4B57-A589-D84B92EF6056}.Release|ARM.ActiveCfg = Release|Any CPU
		{0BD7FD95-EBC0-4B57-A589-D84B92EF6056}.Release|ARM.Build.0 = Release|Any CPU
		{0BD7FD95-EBC0-4B57-A589-D84B92EF6056}.Release|x64.ActiveCfg = Release|Any CPU
		{0BD7FD95-EBC0-4B57-A589-D84B92EF6056}.Release|x64.Build.0 = Release|Any CPU
		{0BD7FD95-EBC0-4B57-A589-D84B92EF6056}.Release|x86.ActiveCfg = Release|Any CPU
		{0BD7FD95-EBC0-4B57-A589-D84B92EF6056}.Release|x86.Build.0 = Release|Any CPU
		{3EFC211D-8B9A-4B3E-94B5-71ABDBBC6848}.Debug_Ubuntu|Any CPU.ActiveCfg = Debug|Any CPU
		{3EFC211D-8B9A-4B3E-94B5-71ABDBBC6848}.Debug_Ubuntu|Any CPU.Build.0 = Debug|Any CPU
		{3EFC211D-8B9A-4B3E-94B5-71ABDBBC6848}.Debug_Ubuntu|ARM.ActiveCfg = Debug|Any CPU
		{3EFC211D-8B9A-4B3E-94B5-71ABDBBC6848}.Debug_Ubuntu|ARM.Build.0 = Debug|Any CPU
		{3EFC211D-8B9A-4B3E-94B5-71ABDBBC6848}.Debug_Ubuntu|x64.ActiveCfg = Debug|Any CPU
		{3EFC211D-8B9A-4B3E-94B5-71ABDBBC6848}.Debug_Ubuntu|x64.Build.0 = Debug|Any CPU
		{3EFC211D-8B9A-4B3E-94B5-71ABDBBC6848}.Debug_Ubuntu|x86.ActiveCfg = Debug|Any CPU
		{3EFC211D-8B9A-4B3E-94B5-71ABDBBC6848}.Debug_Ubuntu|x86.Build.0 = Debug|Any CPU
		{3EFC211D-8B9A-4B3E-94B5-71ABDBBC6848}.Debug|Any CPU.ActiveCfg = Debug|Any CPU
		{3EFC211D-8B9A-4B3E-94B5-71ABDBBC6848}.Debug|Any CPU.Build.0 = Debug|Any CPU
		{3EFC211D-8B9A-4B3E-94B5-71ABDBBC6848}.Debug|ARM.ActiveCfg = Debug|Any CPU
		{3EFC211D-8B9A-4B3E-94B5-71ABDBBC6848}.Debug|ARM.Build.0 = Debug|Any CPU
		{3EFC211D-8B9A-4B3E-94B5-71ABDBBC6848}.Debug|x64.ActiveCfg = Debug|Any CPU
		{3EFC211D-8B9A-4B3E-94B5-71ABDBBC6848}.Debug|x64.Build.0 = Debug|Any CPU
		{3EFC211D-8B9A-4B3E-94B5-71ABDBBC6848}.Debug|x86.ActiveCfg = Debug|Any CPU
		{3EFC211D-8B9A-4B3E-94B5-71ABDBBC6848}.Debug|x86.Build.0 = Debug|Any CPU
		{3EFC211D-8B9A-4B3E-94B5-71ABDBBC6848}.Release_Ubuntu|Any CPU.ActiveCfg = Release|Any CPU
		{3EFC211D-8B9A-4B3E-94B5-71ABDBBC6848}.Release_Ubuntu|Any CPU.Build.0 = Release|Any CPU
		{3EFC211D-8B9A-4B3E-94B5-71ABDBBC6848}.Release_Ubuntu|ARM.ActiveCfg = Release|Any CPU
		{3EFC211D-8B9A-4B3E-94B5-71ABDBBC6848}.Release_Ubuntu|ARM.Build.0 = Release|Any CPU
		{3EFC211D-8B9A-4B3E-94B5-71ABDBBC6848}.Release_Ubuntu|x64.ActiveCfg = Release|Any CPU
		{3EFC211D-8B9A-4B3E-94B5-71ABDBBC6848}.Release_Ubuntu|x64.Build.0 = Release|Any CPU
		{3EFC211D-8B9A-4B3E-94B5-71ABDBBC6848}.Release_Ubuntu|x86.ActiveCfg = Release|Any CPU
		{3EFC211D-8B9A-4B3E-94B5-71ABDBBC6848}.Release_Ubuntu|x86.Build.0 = Release|Any CPU
		{3EFC211D-8B9A-4B3E-94B5-71ABDBBC6848}.Release|Any CPU.ActiveCfg = Release|Any CPU
		{3EFC211D-8B9A-4B3E-94B5-71ABDBBC6848}.Release|Any CPU.Build.0 = Release|Any CPU
		{3EFC211D-8B9A-4B3E-94B5-71ABDBBC6848}.Release|ARM.ActiveCfg = Release|Any CPU
		{3EFC211D-8B9A-4B3E-94B5-71ABDBBC6848}.Release|ARM.Build.0 = Release|Any CPU
		{3EFC211D-8B9A-4B3E-94B5-71ABDBBC6848}.Release|x64.ActiveCfg = Release|Any CPU
		{3EFC211D-8B9A-4B3E-94B5-71ABDBBC6848}.Release|x64.Build.0 = Release|Any CPU
		{3EFC211D-8B9A-4B3E-94B5-71ABDBBC6848}.Release|x86.ActiveCfg = Release|Any CPU
		{3EFC211D-8B9A-4B3E-94B5-71ABDBBC6848}.Release|x86.Build.0 = Release|Any CPU
		{B23455AF-6376-482C-BBED-74C3744D6AA6}.Debug_Ubuntu|Any CPU.ActiveCfg = Debug|Any CPU
		{B23455AF-6376-482C-BBED-74C3744D6AA6}.Debug_Ubuntu|Any CPU.Build.0 = Debug|Any CPU
		{B23455AF-6376-482C-BBED-74C3744D6AA6}.Debug_Ubuntu|ARM.ActiveCfg = Debug|Any CPU
		{B23455AF-6376-482C-BBED-74C3744D6AA6}.Debug_Ubuntu|ARM.Build.0 = Debug|Any CPU
		{B23455AF-6376-482C-BBED-74C3744D6AA6}.Debug_Ubuntu|x64.ActiveCfg = Debug|Any CPU
		{B23455AF-6376-482C-BBED-74C3744D6AA6}.Debug_Ubuntu|x64.Build.0 = Debug|Any CPU
		{B23455AF-6376-482C-BBED-74C3744D6AA6}.Debug_Ubuntu|x86.ActiveCfg = Debug|Any CPU
		{B23455AF-6376-482C-BBED-74C3744D6AA6}.Debug_Ubuntu|x86.Build.0 = Debug|Any CPU
		{B23455AF-6376-482C-BBED-74C3744D6AA6}.Debug|Any CPU.ActiveCfg = Debug|Any CPU
		{B23455AF-6376-482C-BBED-74C3744D6AA6}.Debug|Any CPU.Build.0 = Debug|Any CPU
		{B23455AF-6376-482C-BBED-74C3744D6AA6}.Debug|ARM.ActiveCfg = Debug|Any CPU
		{B23455AF-6376-482C-BBED-74C3744D6AA6}.Debug|ARM.Build.0 = Debug|Any CPU
		{B23455AF-6376-482C-BBED-74C3744D6AA6}.Debug|x64.ActiveCfg = Debug|Any CPU
		{B23455AF-6376-482C-BBED-74C3744D6AA6}.Debug|x64.Build.0 = Debug|Any CPU
		{B23455AF-6376-482C-BBED-74C3744D6AA6}.Debug|x86.ActiveCfg = Debug|Any CPU
		{B23455AF-6376-482C-BBED-74C3744D6AA6}.Debug|x86.Build.0 = Debug|Any CPU
		{B23455AF-6376-482C-BBED-74C3744D6AA6}.Release_Ubuntu|Any CPU.ActiveCfg = Release|Any CPU
		{B23455AF-6376-482C-BBED-74C3744D6AA6}.Release_Ubuntu|Any CPU.Build.0 = Release|Any CPU
		{B23455AF-6376-482C-BBED-74C3744D6AA6}.Release_Ubuntu|ARM.ActiveCfg = Release|Any CPU
		{B23455AF-6376-482C-BBED-74C3744D6AA6}.Release_Ubuntu|ARM.Build.0 = Release|Any CPU
		{B23455AF-6376-482C-BBED-74C3744D6AA6}.Release_Ubuntu|x64.ActiveCfg = Release|Any CPU
		{B23455AF-6376-482C-BBED-74C3744D6AA6}.Release_Ubuntu|x64.Build.0 = Release|Any CPU
		{B23455AF-6376-482C-BBED-74C3744D6AA6}.Release_Ubuntu|x86.ActiveCfg = Release|Any CPU
		{B23455AF-6376-482C-BBED-74C3744D6AA6}.Release_Ubuntu|x86.Build.0 = Release|Any CPU
		{B23455AF-6376-482C-BBED-74C3744D6AA6}.Release|Any CPU.ActiveCfg = Release|Any CPU
		{B23455AF-6376-482C-BBED-74C3744D6AA6}.Release|Any CPU.Build.0 = Release|Any CPU
		{B23455AF-6376-482C-BBED-74C3744D6AA6}.Release|ARM.ActiveCfg = Release|Any CPU
		{B23455AF-6376-482C-BBED-74C3744D6AA6}.Release|ARM.Build.0 = Release|Any CPU
		{B23455AF-6376-482C-BBED-74C3744D6AA6}.Release|x64.ActiveCfg = Release|Any CPU
		{B23455AF-6376-482C-BBED-74C3744D6AA6}.Release|x64.Build.0 = Release|Any CPU
		{B23455AF-6376-482C-BBED-74C3744D6AA6}.Release|x86.ActiveCfg = Release|Any CPU
		{B23455AF-6376-482C-BBED-74C3744D6AA6}.Release|x86.Build.0 = Release|Any CPU
		{07F3E54E-5BE0-4857-9B46-2A0C062A2D49}.Debug_Ubuntu|Any CPU.ActiveCfg = Debug|Any CPU
		{07F3E54E-5BE0-4857-9B46-2A0C062A2D49}.Debug_Ubuntu|Any CPU.Build.0 = Debug|Any CPU
		{07F3E54E-5BE0-4857-9B46-2A0C062A2D49}.Debug_Ubuntu|ARM.ActiveCfg = Debug|Any CPU
		{07F3E54E-5BE0-4857-9B46-2A0C062A2D49}.Debug_Ubuntu|ARM.Build.0 = Debug|Any CPU
		{07F3E54E-5BE0-4857-9B46-2A0C062A2D49}.Debug_Ubuntu|x64.ActiveCfg = Debug|Any CPU
		{07F3E54E-5BE0-4857-9B46-2A0C062A2D49}.Debug_Ubuntu|x64.Build.0 = Debug|Any CPU
		{07F3E54E-5BE0-4857-9B46-2A0C062A2D49}.Debug_Ubuntu|x86.ActiveCfg = Debug|Any CPU
		{07F3E54E-5BE0-4857-9B46-2A0C062A2D49}.Debug_Ubuntu|x86.Build.0 = Debug|Any CPU
		{07F3E54E-5BE0-4857-9B46-2A0C062A2D49}.Debug|Any CPU.ActiveCfg = Debug|Any CPU
		{07F3E54E-5BE0-4857-9B46-2A0C062A2D49}.Debug|Any CPU.Build.0 = Debug|Any CPU
		{07F3E54E-5BE0-4857-9B46-2A0C062A2D49}.Debug|ARM.ActiveCfg = Debug|Any CPU
		{07F3E54E-5BE0-4857-9B46-2A0C062A2D49}.Debug|ARM.Build.0 = Debug|Any CPU
		{07F3E54E-5BE0-4857-9B46-2A0C062A2D49}.Debug|x64.ActiveCfg = Debug|Any CPU
		{07F3E54E-5BE0-4857-9B46-2A0C062A2D49}.Debug|x64.Build.0 = Debug|Any CPU
		{07F3E54E-5BE0-4857-9B46-2A0C062A2D49}.Debug|x86.ActiveCfg = Debug|Any CPU
		{07F3E54E-5BE0-4857-9B46-2A0C062A2D49}.Debug|x86.Build.0 = Debug|Any CPU
		{07F3E54E-5BE0-4857-9B46-2A0C062A2D49}.Release_Ubuntu|Any CPU.ActiveCfg = Release|Any CPU
		{07F3E54E-5BE0-4857-9B46-2A0C062A2D49}.Release_Ubuntu|Any CPU.Build.0 = Release|Any CPU
		{07F3E54E-5BE0-4857-9B46-2A0C062A2D49}.Release_Ubuntu|ARM.ActiveCfg = Release|Any CPU
		{07F3E54E-5BE0-4857-9B46-2A0C062A2D49}.Release_Ubuntu|ARM.Build.0 = Release|Any CPU
		{07F3E54E-5BE0-4857-9B46-2A0C062A2D49}.Release_Ubuntu|x64.ActiveCfg = Release|Any CPU
		{07F3E54E-5BE0-4857-9B46-2A0C062A2D49}.Release_Ubuntu|x64.Build.0 = Release|Any CPU
		{07F3E54E-5BE0-4857-9B46-2A0C062A2D49}.Release_Ubuntu|x86.ActiveCfg = Release|Any CPU
		{07F3E54E-5BE0-4857-9B46-2A0C062A2D49}.Release_Ubuntu|x86.Build.0 = Release|Any CPU
		{07F3E54E-5BE0-4857-9B46-2A0C062A2D49}.Release|Any CPU.ActiveCfg = Release|Any CPU
		{07F3E54E-5BE0-4857-9B46-2A0C062A2D49}.Release|Any CPU.Build.0 = Release|Any CPU
		{07F3E54E-5BE0-4857-9B46-2A0C062A2D49}.Release|ARM.ActiveCfg = Release|Any CPU
		{07F3E54E-5BE0-4857-9B46-2A0C062A2D49}.Release|ARM.Build.0 = Release|Any CPU
		{07F3E54E-5BE0-4857-9B46-2A0C062A2D49}.Release|x64.ActiveCfg = Release|Any CPU
		{07F3E54E-5BE0-4857-9B46-2A0C062A2D49}.Release|x64.Build.0 = Release|Any CPU
		{07F3E54E-5BE0-4857-9B46-2A0C062A2D49}.Release|x86.ActiveCfg = Release|Any CPU
		{07F3E54E-5BE0-4857-9B46-2A0C062A2D49}.Release|x86.Build.0 = Release|Any CPU
		{951BD84A-40C7-4B8D-B27E-658F8ADAE20F}.Debug_Ubuntu|Any CPU.ActiveCfg = Debug|Any CPU
		{951BD84A-40C7-4B8D-B27E-658F8ADAE20F}.Debug_Ubuntu|Any CPU.Build.0 = Debug|Any CPU
		{951BD84A-40C7-4B8D-B27E-658F8ADAE20F}.Debug_Ubuntu|ARM.ActiveCfg = Debug|Any CPU
		{951BD84A-40C7-4B8D-B27E-658F8ADAE20F}.Debug_Ubuntu|ARM.Build.0 = Debug|Any CPU
		{951BD84A-40C7-4B8D-B27E-658F8ADAE20F}.Debug_Ubuntu|x64.ActiveCfg = Debug|Any CPU
		{951BD84A-40C7-4B8D-B27E-658F8ADAE20F}.Debug_Ubuntu|x64.Build.0 = Debug|Any CPU
		{951BD84A-40C7-4B8D-B27E-658F8ADAE20F}.Debug_Ubuntu|x86.ActiveCfg = Debug|Any CPU
		{951BD84A-40C7-4B8D-B27E-658F8ADAE20F}.Debug_Ubuntu|x86.Build.0 = Debug|Any CPU
		{951BD84A-40C7-4B8D-B27E-658F8ADAE20F}.Debug|Any CPU.ActiveCfg = Debug|Any CPU
		{951BD84A-40C7-4B8D-B27E-658F8ADAE20F}.Debug|Any CPU.Build.0 = Debug|Any CPU
		{951BD84A-40C7-4B8D-B27E-658F8ADAE20F}.Debug|ARM.ActiveCfg = Debug|Any CPU
		{951BD84A-40C7-4B8D-B27E-658F8ADAE20F}.Debug|ARM.Build.0 = Debug|Any CPU
		{951BD84A-40C7-4B8D-B27E-658F8ADAE20F}.Debug|x64.ActiveCfg = Debug|Any CPU
		{951BD84A-40C7-4B8D-B27E-658F8ADAE20F}.Debug|x64.Build.0 = Debug|Any CPU
		{951BD84A-40C7-4B8D-B27E-658F8ADAE20F}.Debug|x86.ActiveCfg = Debug|Any CPU
		{951BD84A-40C7-4B8D-B27E-658F8ADAE20F}.Debug|x86.Build.0 = Debug|Any CPU
		{951BD84A-40C7-4B8D-B27E-658F8ADAE20F}.Release_Ubuntu|Any CPU.ActiveCfg = Release|Any CPU
		{951BD84A-40C7-4B8D-B27E-658F8ADAE20F}.Release_Ubuntu|Any CPU.Build.0 = Release|Any CPU
		{951BD84A-40C7-4B8D-B27E-658F8ADAE20F}.Release_Ubuntu|ARM.ActiveCfg = Release|Any CPU
		{951BD84A-40C7-4B8D-B27E-658F8ADAE20F}.Release_Ubuntu|ARM.Build.0 = Release|Any CPU
		{951BD84A-40C7-4B8D-B27E-658F8ADAE20F}.Release_Ubuntu|x64.ActiveCfg = Release|Any CPU
		{951BD84A-40C7-4B8D-B27E-658F8ADAE20F}.Release_Ubuntu|x64.Build.0 = Release|Any CPU
		{951BD84A-40C7-4B8D-B27E-658F8ADAE20F}.Release_Ubuntu|x86.ActiveCfg = Release|Any CPU
		{951BD84A-40C7-4B8D-B27E-658F8ADAE20F}.Release_Ubuntu|x86.Build.0 = Release|Any CPU
		{951BD84A-40C7-4B8D-B27E-658F8ADAE20F}.Release|Any CPU.ActiveCfg = Release|Any CPU
		{951BD84A-40C7-4B8D-B27E-658F8ADAE20F}.Release|Any CPU.Build.0 = Release|Any CPU
		{951BD84A-40C7-4B8D-B27E-658F8ADAE20F}.Release|ARM.ActiveCfg = Release|Any CPU
		{951BD84A-40C7-4B8D-B27E-658F8ADAE20F}.Release|ARM.Build.0 = Release|Any CPU
		{951BD84A-40C7-4B8D-B27E-658F8ADAE20F}.Release|x64.ActiveCfg = Release|Any CPU
		{951BD84A-40C7-4B8D-B27E-658F8ADAE20F}.Release|x64.Build.0 = Release|Any CPU
		{951BD84A-40C7-4B8D-B27E-658F8ADAE20F}.Release|x86.ActiveCfg = Release|Any CPU
		{951BD84A-40C7-4B8D-B27E-658F8ADAE20F}.Release|x86.Build.0 = Release|Any CPU
		{46972503-A02E-4A1E-AE6E-2409096D1A04}.Debug_Ubuntu|Any CPU.ActiveCfg = Debug|Any CPU
		{46972503-A02E-4A1E-AE6E-2409096D1A04}.Debug_Ubuntu|Any CPU.Build.0 = Debug|Any CPU
		{46972503-A02E-4A1E-AE6E-2409096D1A04}.Debug_Ubuntu|ARM.ActiveCfg = Debug|ARM
		{46972503-A02E-4A1E-AE6E-2409096D1A04}.Debug_Ubuntu|ARM.Build.0 = Debug|ARM
		{46972503-A02E-4A1E-AE6E-2409096D1A04}.Debug_Ubuntu|x64.ActiveCfg = Debug|x64
		{46972503-A02E-4A1E-AE6E-2409096D1A04}.Debug_Ubuntu|x64.Build.0 = Debug|x64
		{46972503-A02E-4A1E-AE6E-2409096D1A04}.Debug_Ubuntu|x86.ActiveCfg = Debug|x86
		{46972503-A02E-4A1E-AE6E-2409096D1A04}.Debug_Ubuntu|x86.Build.0 = Debug|x86
		{46972503-A02E-4A1E-AE6E-2409096D1A04}.Debug|Any CPU.ActiveCfg = Debug|Any CPU
		{46972503-A02E-4A1E-AE6E-2409096D1A04}.Debug|Any CPU.Build.0 = Debug|Any CPU
		{46972503-A02E-4A1E-AE6E-2409096D1A04}.Debug|ARM.ActiveCfg = Debug|ARM
		{46972503-A02E-4A1E-AE6E-2409096D1A04}.Debug|ARM.Build.0 = Debug|ARM
		{46972503-A02E-4A1E-AE6E-2409096D1A04}.Debug|x64.ActiveCfg = Debug|x64
		{46972503-A02E-4A1E-AE6E-2409096D1A04}.Debug|x64.Build.0 = Debug|x64
		{46972503-A02E-4A1E-AE6E-2409096D1A04}.Debug|x86.ActiveCfg = Debug|x86
		{46972503-A02E-4A1E-AE6E-2409096D1A04}.Debug|x86.Build.0 = Debug|x86
		{46972503-A02E-4A1E-AE6E-2409096D1A04}.Release_Ubuntu|Any CPU.ActiveCfg = Release|Any CPU
		{46972503-A02E-4A1E-AE6E-2409096D1A04}.Release_Ubuntu|Any CPU.Build.0 = Release|Any CPU
		{46972503-A02E-4A1E-AE6E-2409096D1A04}.Release_Ubuntu|ARM.ActiveCfg = Release|ARM
		{46972503-A02E-4A1E-AE6E-2409096D1A04}.Release_Ubuntu|ARM.Build.0 = Release|ARM
		{46972503-A02E-4A1E-AE6E-2409096D1A04}.Release_Ubuntu|x64.ActiveCfg = Release|x64
		{46972503-A02E-4A1E-AE6E-2409096D1A04}.Release_Ubuntu|x64.Build.0 = Release|x64
		{46972503-A02E-4A1E-AE6E-2409096D1A04}.Release_Ubuntu|x86.ActiveCfg = Release|x86
		{46972503-A02E-4A1E-AE6E-2409096D1A04}.Release_Ubuntu|x86.Build.0 = Release|x86
		{46972503-A02E-4A1E-AE6E-2409096D1A04}.Release|Any CPU.ActiveCfg = Release|Any CPU
		{46972503-A02E-4A1E-AE6E-2409096D1A04}.Release|Any CPU.Build.0 = Release|Any CPU
		{46972503-A02E-4A1E-AE6E-2409096D1A04}.Release|ARM.ActiveCfg = Release|ARM
		{46972503-A02E-4A1E-AE6E-2409096D1A04}.Release|ARM.Build.0 = Release|ARM
		{46972503-A02E-4A1E-AE6E-2409096D1A04}.Release|x64.ActiveCfg = Release|x64
		{46972503-A02E-4A1E-AE6E-2409096D1A04}.Release|x64.Build.0 = Release|x64
		{46972503-A02E-4A1E-AE6E-2409096D1A04}.Release|x86.ActiveCfg = Release|x86
		{46972503-A02E-4A1E-AE6E-2409096D1A04}.Release|x86.Build.0 = Release|x86
	EndGlobalSection
	GlobalSection(SolutionProperties) = preSolution
		HideSolutionNode = FALSE
	EndGlobalSection
	GlobalSection(NestedProjects) = preSolution
		{0BD7FD95-EBC0-4B57-A589-D84B92EF6056} = {D2051EEF-B0DA-43C4-8569-4D48FE76A5CB}
		{3EFC211D-8B9A-4B3E-94B5-71ABDBBC6848} = {F101EAB9-89CA-4ACB-A72B-0660F4C9CC38}
		{B23455AF-6376-482C-BBED-74C3744D6AA6} = {F101EAB9-89CA-4ACB-A72B-0660F4C9CC38}
		{07F3E54E-5BE0-4857-9B46-2A0C062A2D49} = {274DEDF4-13D2-475A-A688-2D537E970901}
		{951BD84A-40C7-4B8D-B27E-658F8ADAE20F} = {D2051EEF-B0DA-43C4-8569-4D48FE76A5CB}
		{46972503-A02E-4A1E-AE6E-2409096D1A04} = {F101EAB9-89CA-4ACB-A72B-0660F4C9CC38}
	EndGlobalSection
EndGlobal
