
Microsoft Visual Studio Solution File, Format Version 12.00
# Visual Studio 14
VisualStudioVersion = 14.0.25123.0
MinimumVisualStudioVersion = 10.0.40219.1
Project("{2150E333-8FDC-42A3-9474-1A3956D46DE8}") = "Api", "Api", "{F101EAB9-89CA-4ACB-A72B-0660F4C9CC38}"
EndProject
Project("{2150E333-8FDC-42A3-9474-1A3956D46DE8}") = "Examples", "Examples", "{274DEDF4-13D2-475A-A688-2D537E970901}"
EndProject
Project("{2150E333-8FDC-42A3-9474-1A3956D46DE8}") = "UnitTests", "UnitTests", "{D2051EEF-B0DA-43C4-8569-4D48FE76A5CB}"
EndProject
Project("{FAE04EC0-301F-11D3-BF4B-00C04F79EFBC}") = "PubnubApi", "Api\PubnubApi\PubnubApi.csproj", "{58F2C5B3-F900-46F9-B919-71A07F4B99DF}"
EndProject
Project("{FAE04EC0-301F-11D3-BF4B-00C04F79EFBC}") = "PubnubApi.NET35", "Api\PubnubApi.NET35\PubnubApi.NET35.csproj", "{ED3DF27D-0B0F-4CEB-A40B-C7C874E8DB28}"
EndProject
Project("{FAE04EC0-301F-11D3-BF4B-00C04F79EFBC}") = "PubnubApiPCL", "Api\PubnubApiPCL\PubnubApiPCL.csproj", "{84A6A216-AF4F-4AC1-BB88-7A78F2E2521C}"
EndProject
Project("{FAE04EC0-301F-11D3-BF4B-00C04F79EFBC}") = "PubnubApi.ASPNETWebFormExample", "Examples\PubnubApi.ASPNETWebFormExample\PubnubApi.ASPNETWebFormExample.csproj", "{6C1BB1DA-DA91-49F3-8665-726ACB020A5B}"
EndProject
Project("{FAE04EC0-301F-11D3-BF4B-00C04F79EFBC}") = "PubnubApi.ConsoleExample", "Examples\PubnubApi.ConsoleExample\PubnubApi.ConsoleExample.csproj", "{5F43692E-9370-4477-8863-AB39D9D38E33}"
EndProject
Project("{FAE04EC0-301F-11D3-BF4B-00C04F79EFBC}") = "PubnubApiPCL.ConsoleExample", "Examples\PubnubApiPCL.ConsoleExample\PubnubApiPCL.ConsoleExample.csproj", "{23151095-ACA2-4730-967D-68578CA74708}"
EndProject
Project("{FAE04EC0-301F-11D3-BF4B-00C04F79EFBC}") = "PubnubApiPCL.Silverlight5Example", "Examples\PubnubApiPCL.Silverlight5Example\PubnubApiPCL.Silverlight5Example.csproj", "{FC8C4396-43E2-4C43-AA56-7F0A54F6F1DB}"
EndProject
Project("{FAE04EC0-301F-11D3-BF4B-00C04F79EFBC}") = "PubnubApiPCL.Windows10UWPExample", "Examples\PubnubApiPCL.Windows10UWPExample\PubnubApiPCL.Windows10UWPExample.csproj", "{39510061-C790-444D-BA1C-1A946B95D384}"
EndProject
Project("{FAE04EC0-301F-11D3-BF4B-00C04F79EFBC}") = "PubnubApiPCL.WindowsPhone81Example", "Examples\PubnubApiPCL.WindowsPhone81Example\PubnubApiPCL.WindowsPhone81Example.csproj", "{D069156D-FB07-40B0-9664-A0E9B03570BF}"
EndProject
Project("{FAE04EC0-301F-11D3-BF4B-00C04F79EFBC}") = "PubnubApiPCL.WindowsStore81Example", "Examples\PubnubApiPCL.WindowsStore81Example\PubnubApiPCL.WindowsStore81Example.csproj", "{35C0120F-C8B8-44AA-918A-E77C08027AA1}"
EndProject
Project("{FAE04EC0-301F-11D3-BF4B-00C04F79EFBC}") = "PubnubApi.Tests", "UnitTests\PubnubApi.Tests\PubnubApi.Tests.csproj", "{BD61C09A-BE66-466F-B9A6-F58BEC59E21B}"
EndProject
Project("{FAE04EC0-301F-11D3-BF4B-00C04F79EFBC}") = "PubnubApiPCL.Tests", "UnitTests\PubnubApiPCL.Tests\PubnubApiPCL.Tests.csproj", "{419A0298-DD33-44A0-81CB-212782ED4150}"
EndProject
Project("{FAE04EC0-301F-11D3-BF4B-00C04F79EFBC}") = "PubnubApiPCL.Silverlight50.Tests", "UnitTests\PubnubApiPCL.Silverlight50.Tests\PubnubApiPCL.Silverlight50.Tests.csproj", "{586394D5-C47E-4EB0-9ED1-AA7614320F0F}"
EndProject
Global
	GlobalSection(SolutionConfigurationPlatforms) = preSolution
		Debug|Any CPU = Debug|Any CPU
		Debug|ARM = Debug|ARM
		Debug|x64 = Debug|x64
		Debug|x86 = Debug|x86
		Release|Any CPU = Release|Any CPU
		Release|ARM = Release|ARM
		Release|x64 = Release|x64
		Release|x86 = Release|x86
	EndGlobalSection
	GlobalSection(ProjectConfigurationPlatforms) = postSolution
		{58F2C5B3-F900-46F9-B919-71A07F4B99DF}.Debug|Any CPU.ActiveCfg = Debug|Any CPU
		{58F2C5B3-F900-46F9-B919-71A07F4B99DF}.Debug|Any CPU.Build.0 = Debug|Any CPU
		{58F2C5B3-F900-46F9-B919-71A07F4B99DF}.Debug|ARM.ActiveCfg = Debug|Any CPU
		{58F2C5B3-F900-46F9-B919-71A07F4B99DF}.Debug|ARM.Build.0 = Debug|Any CPU
		{58F2C5B3-F900-46F9-B919-71A07F4B99DF}.Debug|x64.ActiveCfg = Debug|Any CPU
		{58F2C5B3-F900-46F9-B919-71A07F4B99DF}.Debug|x64.Build.0 = Debug|Any CPU
		{58F2C5B3-F900-46F9-B919-71A07F4B99DF}.Debug|x86.ActiveCfg = Debug|Any CPU
		{58F2C5B3-F900-46F9-B919-71A07F4B99DF}.Debug|x86.Build.0 = Debug|Any CPU
		{58F2C5B3-F900-46F9-B919-71A07F4B99DF}.Release|Any CPU.ActiveCfg = Release|Any CPU
		{58F2C5B3-F900-46F9-B919-71A07F4B99DF}.Release|Any CPU.Build.0 = Release|Any CPU
		{58F2C5B3-F900-46F9-B919-71A07F4B99DF}.Release|ARM.ActiveCfg = Release|Any CPU
		{58F2C5B3-F900-46F9-B919-71A07F4B99DF}.Release|ARM.Build.0 = Release|Any CPU
		{58F2C5B3-F900-46F9-B919-71A07F4B99DF}.Release|x64.ActiveCfg = Release|Any CPU
		{58F2C5B3-F900-46F9-B919-71A07F4B99DF}.Release|x64.Build.0 = Release|Any CPU
		{58F2C5B3-F900-46F9-B919-71A07F4B99DF}.Release|x86.ActiveCfg = Release|Any CPU
		{58F2C5B3-F900-46F9-B919-71A07F4B99DF}.Release|x86.Build.0 = Release|Any CPU
		{ED3DF27D-0B0F-4CEB-A40B-C7C874E8DB28}.Debug|Any CPU.ActiveCfg = Debug|Any CPU
		{ED3DF27D-0B0F-4CEB-A40B-C7C874E8DB28}.Debug|Any CPU.Build.0 = Debug|Any CPU
		{ED3DF27D-0B0F-4CEB-A40B-C7C874E8DB28}.Debug|ARM.ActiveCfg = Debug|Any CPU
		{ED3DF27D-0B0F-4CEB-A40B-C7C874E8DB28}.Debug|ARM.Build.0 = Debug|Any CPU
		{ED3DF27D-0B0F-4CEB-A40B-C7C874E8DB28}.Debug|x64.ActiveCfg = Debug|Any CPU
		{ED3DF27D-0B0F-4CEB-A40B-C7C874E8DB28}.Debug|x64.Build.0 = Debug|Any CPU
		{ED3DF27D-0B0F-4CEB-A40B-C7C874E8DB28}.Debug|x86.ActiveCfg = Debug|Any CPU
		{ED3DF27D-0B0F-4CEB-A40B-C7C874E8DB28}.Debug|x86.Build.0 = Debug|Any CPU
		{ED3DF27D-0B0F-4CEB-A40B-C7C874E8DB28}.Release|Any CPU.ActiveCfg = Release|Any CPU
		{ED3DF27D-0B0F-4CEB-A40B-C7C874E8DB28}.Release|Any CPU.Build.0 = Release|Any CPU
		{ED3DF27D-0B0F-4CEB-A40B-C7C874E8DB28}.Release|ARM.ActiveCfg = Release|Any CPU
		{ED3DF27D-0B0F-4CEB-A40B-C7C874E8DB28}.Release|ARM.Build.0 = Release|Any CPU
		{ED3DF27D-0B0F-4CEB-A40B-C7C874E8DB28}.Release|x64.ActiveCfg = Release|Any CPU
		{ED3DF27D-0B0F-4CEB-A40B-C7C874E8DB28}.Release|x64.Build.0 = Release|Any CPU
		{ED3DF27D-0B0F-4CEB-A40B-C7C874E8DB28}.Release|x86.ActiveCfg = Release|Any CPU
		{ED3DF27D-0B0F-4CEB-A40B-C7C874E8DB28}.Release|x86.Build.0 = Release|Any CPU
		{84A6A216-AF4F-4AC1-BB88-7A78F2E2521C}.Debug|Any CPU.ActiveCfg = Debug|Any CPU
		{84A6A216-AF4F-4AC1-BB88-7A78F2E2521C}.Debug|Any CPU.Build.0 = Debug|Any CPU
		{84A6A216-AF4F-4AC1-BB88-7A78F2E2521C}.Debug|ARM.ActiveCfg = Debug|Any CPU
		{84A6A216-AF4F-4AC1-BB88-7A78F2E2521C}.Debug|ARM.Build.0 = Debug|Any CPU
		{84A6A216-AF4F-4AC1-BB88-7A78F2E2521C}.Debug|x64.ActiveCfg = Debug|Any CPU
		{84A6A216-AF4F-4AC1-BB88-7A78F2E2521C}.Debug|x64.Build.0 = Debug|Any CPU
		{84A6A216-AF4F-4AC1-BB88-7A78F2E2521C}.Debug|x86.ActiveCfg = Debug|Any CPU
		{84A6A216-AF4F-4AC1-BB88-7A78F2E2521C}.Debug|x86.Build.0 = Debug|Any CPU
		{84A6A216-AF4F-4AC1-BB88-7A78F2E2521C}.Release|Any CPU.ActiveCfg = Release|Any CPU
		{84A6A216-AF4F-4AC1-BB88-7A78F2E2521C}.Release|Any CPU.Build.0 = Release|Any CPU
		{84A6A216-AF4F-4AC1-BB88-7A78F2E2521C}.Release|ARM.ActiveCfg = Release|Any CPU
		{84A6A216-AF4F-4AC1-BB88-7A78F2E2521C}.Release|ARM.Build.0 = Release|Any CPU
		{84A6A216-AF4F-4AC1-BB88-7A78F2E2521C}.Release|x64.ActiveCfg = Release|Any CPU
		{84A6A216-AF4F-4AC1-BB88-7A78F2E2521C}.Release|x64.Build.0 = Release|Any CPU
		{84A6A216-AF4F-4AC1-BB88-7A78F2E2521C}.Release|x86.ActiveCfg = Release|Any CPU
		{84A6A216-AF4F-4AC1-BB88-7A78F2E2521C}.Release|x86.Build.0 = Release|Any CPU
		{6C1BB1DA-DA91-49F3-8665-726ACB020A5B}.Debug|Any CPU.ActiveCfg = Debug|Any CPU
		{6C1BB1DA-DA91-49F3-8665-726ACB020A5B}.Debug|Any CPU.Build.0 = Debug|Any CPU
		{6C1BB1DA-DA91-49F3-8665-726ACB020A5B}.Debug|ARM.ActiveCfg = Debug|Any CPU
		{6C1BB1DA-DA91-49F3-8665-726ACB020A5B}.Debug|ARM.Build.0 = Debug|Any CPU
		{6C1BB1DA-DA91-49F3-8665-726ACB020A5B}.Debug|x64.ActiveCfg = Debug|Any CPU
		{6C1BB1DA-DA91-49F3-8665-726ACB020A5B}.Debug|x64.Build.0 = Debug|Any CPU
		{6C1BB1DA-DA91-49F3-8665-726ACB020A5B}.Debug|x86.ActiveCfg = Debug|Any CPU
		{6C1BB1DA-DA91-49F3-8665-726ACB020A5B}.Debug|x86.Build.0 = Debug|Any CPU
		{6C1BB1DA-DA91-49F3-8665-726ACB020A5B}.Release|Any CPU.ActiveCfg = Release|Any CPU
		{6C1BB1DA-DA91-49F3-8665-726ACB020A5B}.Release|Any CPU.Build.0 = Release|Any CPU
		{6C1BB1DA-DA91-49F3-8665-726ACB020A5B}.Release|ARM.ActiveCfg = Release|Any CPU
		{6C1BB1DA-DA91-49F3-8665-726ACB020A5B}.Release|ARM.Build.0 = Release|Any CPU
		{6C1BB1DA-DA91-49F3-8665-726ACB020A5B}.Release|x64.ActiveCfg = Release|Any CPU
		{6C1BB1DA-DA91-49F3-8665-726ACB020A5B}.Release|x64.Build.0 = Release|Any CPU
		{6C1BB1DA-DA91-49F3-8665-726ACB020A5B}.Release|x86.ActiveCfg = Release|Any CPU
		{6C1BB1DA-DA91-49F3-8665-726ACB020A5B}.Release|x86.Build.0 = Release|Any CPU
		{5F43692E-9370-4477-8863-AB39D9D38E33}.Debug|Any CPU.ActiveCfg = Debug|Any CPU
		{5F43692E-9370-4477-8863-AB39D9D38E33}.Debug|Any CPU.Build.0 = Debug|Any CPU
		{5F43692E-9370-4477-8863-AB39D9D38E33}.Debug|ARM.ActiveCfg = Debug|Any CPU
		{5F43692E-9370-4477-8863-AB39D9D38E33}.Debug|ARM.Build.0 = Debug|Any CPU
		{5F43692E-9370-4477-8863-AB39D9D38E33}.Debug|x64.ActiveCfg = Debug|Any CPU
		{5F43692E-9370-4477-8863-AB39D9D38E33}.Debug|x64.Build.0 = Debug|Any CPU
		{5F43692E-9370-4477-8863-AB39D9D38E33}.Debug|x86.ActiveCfg = Debug|Any CPU
		{5F43692E-9370-4477-8863-AB39D9D38E33}.Debug|x86.Build.0 = Debug|Any CPU
		{5F43692E-9370-4477-8863-AB39D9D38E33}.Release|Any CPU.ActiveCfg = Release|Any CPU
		{5F43692E-9370-4477-8863-AB39D9D38E33}.Release|Any CPU.Build.0 = Release|Any CPU
		{5F43692E-9370-4477-8863-AB39D9D38E33}.Release|ARM.ActiveCfg = Release|Any CPU
		{5F43692E-9370-4477-8863-AB39D9D38E33}.Release|ARM.Build.0 = Release|Any CPU
		{5F43692E-9370-4477-8863-AB39D9D38E33}.Release|x64.ActiveCfg = Release|Any CPU
		{5F43692E-9370-4477-8863-AB39D9D38E33}.Release|x64.Build.0 = Release|Any CPU
		{5F43692E-9370-4477-8863-AB39D9D38E33}.Release|x86.ActiveCfg = Release|Any CPU
		{5F43692E-9370-4477-8863-AB39D9D38E33}.Release|x86.Build.0 = Release|Any CPU
		{23151095-ACA2-4730-967D-68578CA74708}.Debug|Any CPU.ActiveCfg = Debug|Any CPU
		{23151095-ACA2-4730-967D-68578CA74708}.Debug|Any CPU.Build.0 = Debug|Any CPU
		{23151095-ACA2-4730-967D-68578CA74708}.Debug|ARM.ActiveCfg = Debug|Any CPU
		{23151095-ACA2-4730-967D-68578CA74708}.Debug|ARM.Build.0 = Debug|Any CPU
		{23151095-ACA2-4730-967D-68578CA74708}.Debug|x64.ActiveCfg = Debug|Any CPU
		{23151095-ACA2-4730-967D-68578CA74708}.Debug|x64.Build.0 = Debug|Any CPU
		{23151095-ACA2-4730-967D-68578CA74708}.Debug|x86.ActiveCfg = Debug|Any CPU
		{23151095-ACA2-4730-967D-68578CA74708}.Debug|x86.Build.0 = Debug|Any CPU
		{23151095-ACA2-4730-967D-68578CA74708}.Release|Any CPU.ActiveCfg = Release|Any CPU
		{23151095-ACA2-4730-967D-68578CA74708}.Release|Any CPU.Build.0 = Release|Any CPU
		{23151095-ACA2-4730-967D-68578CA74708}.Release|ARM.ActiveCfg = Release|Any CPU
		{23151095-ACA2-4730-967D-68578CA74708}.Release|ARM.Build.0 = Release|Any CPU
		{23151095-ACA2-4730-967D-68578CA74708}.Release|x64.ActiveCfg = Release|Any CPU
		{23151095-ACA2-4730-967D-68578CA74708}.Release|x64.Build.0 = Release|Any CPU
		{23151095-ACA2-4730-967D-68578CA74708}.Release|x86.ActiveCfg = Release|Any CPU
		{23151095-ACA2-4730-967D-68578CA74708}.Release|x86.Build.0 = Release|Any CPU
		{FC8C4396-43E2-4C43-AA56-7F0A54F6F1DB}.Debug|Any CPU.ActiveCfg = Debug|Any CPU
		{FC8C4396-43E2-4C43-AA56-7F0A54F6F1DB}.Debug|Any CPU.Build.0 = Debug|Any CPU
		{FC8C4396-43E2-4C43-AA56-7F0A54F6F1DB}.Debug|ARM.ActiveCfg = Debug|Any CPU
		{FC8C4396-43E2-4C43-AA56-7F0A54F6F1DB}.Debug|ARM.Build.0 = Debug|Any CPU
		{FC8C4396-43E2-4C43-AA56-7F0A54F6F1DB}.Debug|x64.ActiveCfg = Debug|Any CPU
		{FC8C4396-43E2-4C43-AA56-7F0A54F6F1DB}.Debug|x64.Build.0 = Debug|Any CPU
		{FC8C4396-43E2-4C43-AA56-7F0A54F6F1DB}.Debug|x86.ActiveCfg = Debug|Any CPU
		{FC8C4396-43E2-4C43-AA56-7F0A54F6F1DB}.Debug|x86.Build.0 = Debug|Any CPU
		{FC8C4396-43E2-4C43-AA56-7F0A54F6F1DB}.Release|Any CPU.ActiveCfg = Release|Any CPU
		{FC8C4396-43E2-4C43-AA56-7F0A54F6F1DB}.Release|Any CPU.Build.0 = Release|Any CPU
		{FC8C4396-43E2-4C43-AA56-7F0A54F6F1DB}.Release|ARM.ActiveCfg = Release|Any CPU
		{FC8C4396-43E2-4C43-AA56-7F0A54F6F1DB}.Release|ARM.Build.0 = Release|Any CPU
		{FC8C4396-43E2-4C43-AA56-7F0A54F6F1DB}.Release|x64.ActiveCfg = Release|Any CPU
		{FC8C4396-43E2-4C43-AA56-7F0A54F6F1DB}.Release|x64.Build.0 = Release|Any CPU
		{FC8C4396-43E2-4C43-AA56-7F0A54F6F1DB}.Release|x86.ActiveCfg = Release|Any CPU
		{FC8C4396-43E2-4C43-AA56-7F0A54F6F1DB}.Release|x86.Build.0 = Release|Any CPU
		{39510061-C790-444D-BA1C-1A946B95D384}.Debug|Any CPU.ActiveCfg = Debug|x86
		{39510061-C790-444D-BA1C-1A946B95D384}.Debug|ARM.ActiveCfg = Debug|ARM
		{39510061-C790-444D-BA1C-1A946B95D384}.Debug|ARM.Build.0 = Debug|ARM
		{39510061-C790-444D-BA1C-1A946B95D384}.Debug|ARM.Deploy.0 = Debug|ARM
		{39510061-C790-444D-BA1C-1A946B95D384}.Debug|x64.ActiveCfg = Debug|x64
		{39510061-C790-444D-BA1C-1A946B95D384}.Debug|x64.Build.0 = Debug|x64
		{39510061-C790-444D-BA1C-1A946B95D384}.Debug|x64.Deploy.0 = Debug|x64
		{39510061-C790-444D-BA1C-1A946B95D384}.Debug|x86.ActiveCfg = Debug|x86
		{39510061-C790-444D-BA1C-1A946B95D384}.Debug|x86.Build.0 = Debug|x86
		{39510061-C790-444D-BA1C-1A946B95D384}.Debug|x86.Deploy.0 = Debug|x86
		{39510061-C790-444D-BA1C-1A946B95D384}.Release|Any CPU.ActiveCfg = Release|x86
		{39510061-C790-444D-BA1C-1A946B95D384}.Release|ARM.ActiveCfg = Release|ARM
		{39510061-C790-444D-BA1C-1A946B95D384}.Release|ARM.Build.0 = Release|ARM
		{39510061-C790-444D-BA1C-1A946B95D384}.Release|ARM.Deploy.0 = Release|ARM
		{39510061-C790-444D-BA1C-1A946B95D384}.Release|x64.ActiveCfg = Release|x64
		{39510061-C790-444D-BA1C-1A946B95D384}.Release|x64.Build.0 = Release|x64
		{39510061-C790-444D-BA1C-1A946B95D384}.Release|x64.Deploy.0 = Release|x64
		{39510061-C790-444D-BA1C-1A946B95D384}.Release|x86.ActiveCfg = Release|x86
		{39510061-C790-444D-BA1C-1A946B95D384}.Release|x86.Build.0 = Release|x86
		{39510061-C790-444D-BA1C-1A946B95D384}.Release|x86.Deploy.0 = Release|x86
		{D069156D-FB07-40B0-9664-A0E9B03570BF}.Debug|Any CPU.ActiveCfg = Debug|Any CPU
		{D069156D-FB07-40B0-9664-A0E9B03570BF}.Debug|Any CPU.Build.0 = Debug|Any CPU
		{D069156D-FB07-40B0-9664-A0E9B03570BF}.Debug|Any CPU.Deploy.0 = Debug|Any CPU
		{D069156D-FB07-40B0-9664-A0E9B03570BF}.Debug|ARM.ActiveCfg = Debug|ARM
		{D069156D-FB07-40B0-9664-A0E9B03570BF}.Debug|ARM.Build.0 = Debug|ARM
		{D069156D-FB07-40B0-9664-A0E9B03570BF}.Debug|ARM.Deploy.0 = Debug|ARM
		{D069156D-FB07-40B0-9664-A0E9B03570BF}.Debug|x64.ActiveCfg = Debug|Any CPU
		{D069156D-FB07-40B0-9664-A0E9B03570BF}.Debug|x64.Build.0 = Debug|Any CPU
		{D069156D-FB07-40B0-9664-A0E9B03570BF}.Debug|x64.Deploy.0 = Debug|Any CPU
		{D069156D-FB07-40B0-9664-A0E9B03570BF}.Debug|x86.ActiveCfg = Debug|x86
		{D069156D-FB07-40B0-9664-A0E9B03570BF}.Debug|x86.Build.0 = Debug|x86
		{D069156D-FB07-40B0-9664-A0E9B03570BF}.Debug|x86.Deploy.0 = Debug|x86
		{D069156D-FB07-40B0-9664-A0E9B03570BF}.Release|Any CPU.ActiveCfg = Release|Any CPU
		{D069156D-FB07-40B0-9664-A0E9B03570BF}.Release|Any CPU.Build.0 = Release|Any CPU
		{D069156D-FB07-40B0-9664-A0E9B03570BF}.Release|Any CPU.Deploy.0 = Release|Any CPU
		{D069156D-FB07-40B0-9664-A0E9B03570BF}.Release|ARM.ActiveCfg = Release|ARM
		{D069156D-FB07-40B0-9664-A0E9B03570BF}.Release|ARM.Build.0 = Release|ARM
		{D069156D-FB07-40B0-9664-A0E9B03570BF}.Release|ARM.Deploy.0 = Release|ARM
		{D069156D-FB07-40B0-9664-A0E9B03570BF}.Release|x64.ActiveCfg = Release|Any CPU
		{D069156D-FB07-40B0-9664-A0E9B03570BF}.Release|x64.Build.0 = Release|Any CPU
		{D069156D-FB07-40B0-9664-A0E9B03570BF}.Release|x64.Deploy.0 = Release|Any CPU
		{D069156D-FB07-40B0-9664-A0E9B03570BF}.Release|x86.ActiveCfg = Release|x86
		{D069156D-FB07-40B0-9664-A0E9B03570BF}.Release|x86.Build.0 = Release|x86
		{D069156D-FB07-40B0-9664-A0E9B03570BF}.Release|x86.Deploy.0 = Release|x86
		{35C0120F-C8B8-44AA-918A-E77C08027AA1}.Debug|Any CPU.ActiveCfg = Debug|Any CPU
		{35C0120F-C8B8-44AA-918A-E77C08027AA1}.Debug|Any CPU.Build.0 = Debug|Any CPU
		{35C0120F-C8B8-44AA-918A-E77C08027AA1}.Debug|Any CPU.Deploy.0 = Debug|Any CPU
		{35C0120F-C8B8-44AA-918A-E77C08027AA1}.Debug|ARM.ActiveCfg = Debug|ARM
		{35C0120F-C8B8-44AA-918A-E77C08027AA1}.Debug|ARM.Build.0 = Debug|ARM
		{35C0120F-C8B8-44AA-918A-E77C08027AA1}.Debug|ARM.Deploy.0 = Debug|ARM
		{35C0120F-C8B8-44AA-918A-E77C08027AA1}.Debug|x64.ActiveCfg = Debug|x64
		{35C0120F-C8B8-44AA-918A-E77C08027AA1}.Debug|x64.Build.0 = Debug|x64
		{35C0120F-C8B8-44AA-918A-E77C08027AA1}.Debug|x64.Deploy.0 = Debug|x64
		{35C0120F-C8B8-44AA-918A-E77C08027AA1}.Debug|x86.ActiveCfg = Debug|x86
		{35C0120F-C8B8-44AA-918A-E77C08027AA1}.Debug|x86.Build.0 = Debug|x86
		{35C0120F-C8B8-44AA-918A-E77C08027AA1}.Debug|x86.Deploy.0 = Debug|x86
		{35C0120F-C8B8-44AA-918A-E77C08027AA1}.Release|Any CPU.ActiveCfg = Release|Any CPU
		{35C0120F-C8B8-44AA-918A-E77C08027AA1}.Release|Any CPU.Build.0 = Release|Any CPU
		{35C0120F-C8B8-44AA-918A-E77C08027AA1}.Release|Any CPU.Deploy.0 = Release|Any CPU
		{35C0120F-C8B8-44AA-918A-E77C08027AA1}.Release|ARM.ActiveCfg = Release|ARM
		{35C0120F-C8B8-44AA-918A-E77C08027AA1}.Release|ARM.Build.0 = Release|ARM
		{35C0120F-C8B8-44AA-918A-E77C08027AA1}.Release|ARM.Deploy.0 = Release|ARM
		{35C0120F-C8B8-44AA-918A-E77C08027AA1}.Release|x64.ActiveCfg = Release|x64
		{35C0120F-C8B8-44AA-918A-E77C08027AA1}.Release|x64.Build.0 = Release|x64
		{35C0120F-C8B8-44AA-918A-E77C08027AA1}.Release|x64.Deploy.0 = Release|x64
		{35C0120F-C8B8-44AA-918A-E77C08027AA1}.Release|x86.ActiveCfg = Release|x86
		{35C0120F-C8B8-44AA-918A-E77C08027AA1}.Release|x86.Build.0 = Release|x86
		{35C0120F-C8B8-44AA-918A-E77C08027AA1}.Release|x86.Deploy.0 = Release|x86
		{BD61C09A-BE66-466F-B9A6-F58BEC59E21B}.Debug|Any CPU.ActiveCfg = Debug|Any CPU
		{BD61C09A-BE66-466F-B9A6-F58BEC59E21B}.Debug|Any CPU.Build.0 = Debug|Any CPU
		{BD61C09A-BE66-466F-B9A6-F58BEC59E21B}.Debug|ARM.ActiveCfg = Debug|Any CPU
		{BD61C09A-BE66-466F-B9A6-F58BEC59E21B}.Debug|ARM.Build.0 = Debug|Any CPU
		{BD61C09A-BE66-466F-B9A6-F58BEC59E21B}.Debug|x64.ActiveCfg = Debug|Any CPU
		{BD61C09A-BE66-466F-B9A6-F58BEC59E21B}.Debug|x64.Build.0 = Debug|Any CPU
		{BD61C09A-BE66-466F-B9A6-F58BEC59E21B}.Debug|x86.ActiveCfg = Debug|Any CPU
		{BD61C09A-BE66-466F-B9A6-F58BEC59E21B}.Debug|x86.Build.0 = Debug|Any CPU
		{BD61C09A-BE66-466F-B9A6-F58BEC59E21B}.Release|Any CPU.ActiveCfg = Release|Any CPU
		{BD61C09A-BE66-466F-B9A6-F58BEC59E21B}.Release|Any CPU.Build.0 = Release|Any CPU
		{BD61C09A-BE66-466F-B9A6-F58BEC59E21B}.Release|ARM.ActiveCfg = Release|Any CPU
		{BD61C09A-BE66-466F-B9A6-F58BEC59E21B}.Release|ARM.Build.0 = Release|Any CPU
		{BD61C09A-BE66-466F-B9A6-F58BEC59E21B}.Release|x64.ActiveCfg = Release|Any CPU
		{BD61C09A-BE66-466F-B9A6-F58BEC59E21B}.Release|x64.Build.0 = Release|Any CPU
		{BD61C09A-BE66-466F-B9A6-F58BEC59E21B}.Release|x86.ActiveCfg = Release|Any CPU
		{BD61C09A-BE66-466F-B9A6-F58BEC59E21B}.Release|x86.Build.0 = Release|Any CPU
		{419A0298-DD33-44A0-81CB-212782ED4150}.Debug|Any CPU.ActiveCfg = Debug|Any CPU
		{419A0298-DD33-44A0-81CB-212782ED4150}.Debug|Any CPU.Build.0 = Debug|Any CPU
		{419A0298-DD33-44A0-81CB-212782ED4150}.Debug|ARM.ActiveCfg = Debug|Any CPU
		{419A0298-DD33-44A0-81CB-212782ED4150}.Debug|ARM.Build.0 = Debug|Any CPU
		{419A0298-DD33-44A0-81CB-212782ED4150}.Debug|x64.ActiveCfg = Debug|Any CPU
		{419A0298-DD33-44A0-81CB-212782ED4150}.Debug|x64.Build.0 = Debug|Any CPU
		{419A0298-DD33-44A0-81CB-212782ED4150}.Debug|x86.ActiveCfg = Debug|Any CPU
		{419A0298-DD33-44A0-81CB-212782ED4150}.Debug|x86.Build.0 = Debug|Any CPU
		{419A0298-DD33-44A0-81CB-212782ED4150}.Release|Any CPU.ActiveCfg = Release|Any CPU
		{419A0298-DD33-44A0-81CB-212782ED4150}.Release|Any CPU.Build.0 = Release|Any CPU
		{419A0298-DD33-44A0-81CB-212782ED4150}.Release|ARM.ActiveCfg = Release|Any CPU
		{419A0298-DD33-44A0-81CB-212782ED4150}.Release|ARM.Build.0 = Release|Any CPU
		{419A0298-DD33-44A0-81CB-212782ED4150}.Release|x64.ActiveCfg = Release|Any CPU
		{419A0298-DD33-44A0-81CB-212782ED4150}.Release|x64.Build.0 = Release|Any CPU
		{419A0298-DD33-44A0-81CB-212782ED4150}.Release|x86.ActiveCfg = Release|Any CPU
		{419A0298-DD33-44A0-81CB-212782ED4150}.Release|x86.Build.0 = Release|Any CPU
		{586394D5-C47E-4EB0-9ED1-AA7614320F0F}.Debug|Any CPU.ActiveCfg = Debug|Any CPU
		{586394D5-C47E-4EB0-9ED1-AA7614320F0F}.Debug|Any CPU.Build.0 = Debug|Any CPU
		{586394D5-C47E-4EB0-9ED1-AA7614320F0F}.Debug|ARM.ActiveCfg = Debug|Any CPU
		{586394D5-C47E-4EB0-9ED1-AA7614320F0F}.Debug|ARM.Build.0 = Debug|Any CPU
		{586394D5-C47E-4EB0-9ED1-AA7614320F0F}.Debug|x64.ActiveCfg = Debug|Any CPU
		{586394D5-C47E-4EB0-9ED1-AA7614320F0F}.Debug|x64.Build.0 = Debug|Any CPU
		{586394D5-C47E-4EB0-9ED1-AA7614320F0F}.Debug|x86.ActiveCfg = Debug|Any CPU
		{586394D5-C47E-4EB0-9ED1-AA7614320F0F}.Debug|x86.Build.0 = Debug|Any CPU
		{586394D5-C47E-4EB0-9ED1-AA7614320F0F}.Release|Any CPU.ActiveCfg = Release|Any CPU
		{586394D5-C47E-4EB0-9ED1-AA7614320F0F}.Release|Any CPU.Build.0 = Release|Any CPU
		{586394D5-C47E-4EB0-9ED1-AA7614320F0F}.Release|ARM.ActiveCfg = Release|Any CPU
		{586394D5-C47E-4EB0-9ED1-AA7614320F0F}.Release|ARM.Build.0 = Release|Any CPU
		{586394D5-C47E-4EB0-9ED1-AA7614320F0F}.Release|x64.ActiveCfg = Release|Any CPU
		{586394D5-C47E-4EB0-9ED1-AA7614320F0F}.Release|x64.Build.0 = Release|Any CPU
		{586394D5-C47E-4EB0-9ED1-AA7614320F0F}.Release|x86.ActiveCfg = Release|Any CPU
		{586394D5-C47E-4EB0-9ED1-AA7614320F0F}.Release|x86.Build.0 = Release|Any CPU
	EndGlobalSection
	GlobalSection(SolutionProperties) = preSolution
		HideSolutionNode = FALSE
	EndGlobalSection
	GlobalSection(NestedProjects) = preSolution
		{58F2C5B3-F900-46F9-B919-71A07F4B99DF} = {F101EAB9-89CA-4ACB-A72B-0660F4C9CC38}
		{ED3DF27D-0B0F-4CEB-A40B-C7C874E8DB28} = {F101EAB9-89CA-4ACB-A72B-0660F4C9CC38}
		{84A6A216-AF4F-4AC1-BB88-7A78F2E2521C} = {F101EAB9-89CA-4ACB-A72B-0660F4C9CC38}
		{6C1BB1DA-DA91-49F3-8665-726ACB020A5B} = {274DEDF4-13D2-475A-A688-2D537E970901}
		{5F43692E-9370-4477-8863-AB39D9D38E33} = {274DEDF4-13D2-475A-A688-2D537E970901}
		{23151095-ACA2-4730-967D-68578CA74708} = {274DEDF4-13D2-475A-A688-2D537E970901}
		{FC8C4396-43E2-4C43-AA56-7F0A54F6F1DB} = {274DEDF4-13D2-475A-A688-2D537E970901}
		{39510061-C790-444D-BA1C-1A946B95D384} = {274DEDF4-13D2-475A-A688-2D537E970901}
		{D069156D-FB07-40B0-9664-A0E9B03570BF} = {274DEDF4-13D2-475A-A688-2D537E970901}
		{35C0120F-C8B8-44AA-918A-E77C08027AA1} = {274DEDF4-13D2-475A-A688-2D537E970901}
		{BD61C09A-BE66-466F-B9A6-F58BEC59E21B} = {D2051EEF-B0DA-43C4-8569-4D48FE76A5CB}
		{419A0298-DD33-44A0-81CB-212782ED4150} = {D2051EEF-B0DA-43C4-8569-4D48FE76A5CB}
		{586394D5-C47E-4EB0-9ED1-AA7614320F0F} = {D2051EEF-B0DA-43C4-8569-4D48FE76A5CB}
	EndGlobalSection
EndGlobal
