
Microsoft Visual Studio Solution File, Format Version 12.00
# Visual Studio Version 16
VisualStudioVersion = 16.0.32510.428
MinimumVisualStudioVersion = 10.0.40219.1
Project("{FAE04EC0-301F-11D3-BF4B-00C04F79EFBC}") = "PubNubMessaging.Example", "PubNubMessaging.Example\PubNubMessaging.Example.csproj", "{F1BE10BB-84AE-42A0-895A-8A7918F87A28}"
EndProject
Global
	GlobalSection(SolutionConfigurationPlatforms) = preSolution
		Ad-Hoc|Any CPU = Ad-Hoc|Any CPU
		Ad-Hoc|iPhone = Ad-Hoc|iPhone
		Ad-Hoc|iPhoneSimulator = Ad-Hoc|iPhoneSimulator
		AppStore|Any CPU = AppStore|Any CPU
		AppStore|iPhone = AppStore|iPhone
		AppStore|iPhoneSimulator = AppStore|iPhoneSimulator
		Debug|Any CPU = Debug|Any CPU
		Debug|iPhone = Debug|iPhone
		Debug|iPhoneSimulator = Debug|iPhoneSimulator
		Default|Any CPU = Default|Any CPU
		Default|iPhone = Default|iPhone
		Default|iPhoneSimulator = Default|iPhoneSimulator
		Release|Any CPU = Release|Any CPU
		Release|iPhone = Release|iPhone
		Release|iPhoneSimulator = Release|iPhoneSimulator
	EndGlobalSection
	GlobalSection(ProjectConfigurationPlatforms) = postSolution
		{F1BE10BB-84AE-42A0-895A-8A7918F87A28}.Ad-Hoc|Any CPU.ActiveCfg = Release|Any CPU
		{F1BE10BB-84AE-42A0-895A-8A7918F87A28}.Ad-Hoc|iPhone.ActiveCfg = Debug|Any CPU
		{F1BE10BB-84AE-42A0-895A-8A7918F87A28}.Ad-Hoc|iPhone.Build.0 = Debug|Any CPU
		{F1BE10BB-84AE-42A0-895A-8A7918F87A28}.Ad-Hoc|iPhoneSimulator.ActiveCfg = Release|Any CPU
		{F1BE10BB-84AE-42A0-895A-8A7918F87A28}.AppStore|Any CPU.ActiveCfg = Release|Any CPU
		{F1BE10BB-84AE-42A0-895A-8A7918F87A28}.AppStore|iPhone.ActiveCfg = Debug|Any CPU
		{F1BE10BB-84AE-42A0-895A-8A7918F87A28}.AppStore|iPhone.Build.0 = Debug|Any CPU
		{F1BE10BB-84AE-42A0-895A-8A7918F87A28}.AppStore|iPhoneSimulator.ActiveCfg = Release|Any CPU
		{F1BE10BB-84AE-42A0-895A-8A7918F87A28}.Debug|Any CPU.ActiveCfg = Debug|Any CPU
		{F1BE10BB-84AE-42A0-895A-8A7918F87A28}.Debug|Any CPU.Build.0 = Debug|Any CPU
		{F1BE10BB-84AE-42A0-895A-8A7918F87A28}.Debug|Any CPU.Deploy.0 = Debug|Any CPU
		{F1BE10BB-84AE-42A0-895A-8A7918F87A28}.Debug|iPhone.ActiveCfg = Debug|Any CPU
		{F1BE10BB-84AE-42A0-895A-8A7918F87A28}.Debug|iPhone.Build.0 = Debug|Any CPU
		{F1BE10BB-84AE-42A0-895A-8A7918F87A28}.Debug|iPhoneSimulator.ActiveCfg = Debug|Any CPU
		{F1BE10BB-84AE-42A0-895A-8A7918F87A28}.Debug|iPhoneSimulator.Build.0 = Debug|Any CPU
		{F1BE10BB-84AE-42A0-895A-8A7918F87A28}.Default|Any CPU.ActiveCfg = Debug|Any CPU
		{F1BE10BB-84AE-42A0-895A-8A7918F87A28}.Default|Any CPU.Build.0 = Debug|Any CPU
		{F1BE10BB-84AE-42A0-895A-8A7918F87A28}.Default|iPhone.ActiveCfg = Debug|Any CPU
		{F1BE10BB-84AE-42A0-895A-8A7918F87A28}.Default|iPhoneSimulator.ActiveCfg = Debug|Any CPU
		{F1BE10BB-84AE-42A0-895A-8A7918F87A28}.Release|Any CPU.ActiveCfg = Release|Any CPU
		{F1BE10BB-84AE-42A0-895A-8A7918F87A28}.Release|Any CPU.Build.0 = Release|Any CPU
		{F1BE10BB-84AE-42A0-895A-8A7918F87A28}.Release|iPhone.ActiveCfg = Release|Any CPU
		{F1BE10BB-84AE-42A0-895A-8A7918F87A28}.Release|iPhone.Build.0 = Release|Any CPU
		{F1BE10BB-84AE-42A0-895A-8A7918F87A28}.Release|iPhoneSimulator.ActiveCfg = Release|Any CPU
		{F1BE10BB-84AE-42A0-895A-8A7918F87A28}.Release|iPhoneSimulator.Build.0 = Release|Any CPU
	EndGlobalSection
	GlobalSection(SolutionProperties) = preSolution
		HideSolutionNode = FALSE
	EndGlobalSection
	GlobalSection(ExtensibilityGlobals) = postSolution
		SolutionGuid = {FE5DD147-0C38-4EF9-84D2-F272616260CD}
	EndGlobalSection
	GlobalSection(MonoDevelopProperties) = preSolution
		Policies = $0
		$0.TextStylePolicy = $3
		$1.inheritsSet = VisualStudio
		$1.scope = text/plain
		$1.FileWidth = 120
		$1.inheritsScope = text/plain
		$0.CSharpFormattingPolicy = $2
		$2.AfterDelegateDeclarationParameterComma = True
		$2.inheritsSet = Mono
		$2.inheritsScope = text/x-csharp
		$2.scope = text/x-csharp
		$3.FileWidth = 120
		$3.inheritsSet = VisualStudio
		$3.inheritsScope = text/plain
		$3.scope = text/plain
		$0.StandardHeader = $4
		$4.Text = 
		$4.IncludeInNewFiles = True
	EndGlobalSection
EndGlobal
