
Microsoft Visual Studio Solution File, Format Version 11.00
# Visual Studio 2010
Project("{FAE04EC0-301F-11D3-BF4B-00C04F79EFBC}") = "PubNubMessaging.Example", "PubNubMessaging.Example\PubNubMessaging.Example.csproj", "{F1BE10BB-84AE-42A0-895A-8A7918F87A28}"
EndProject
Global
	GlobalSection(SolutionConfigurationPlatforms) = preSolution
		Debug|Any CPU = Debug|Any CPU
		Release|Any CPU = Release|Any CPU
		Debug|iPhoneSimulator = Debug|iPhoneSimulator
		Release|iPhoneSimulator = Release|iPhoneSimulator
		Debug|iPhone = Debug|iPhone
		Release|iPhone = Release|iPhone
		Ad-Hoc|iPhone = Ad-Hoc|iPhone
		AppStore|iPhone = AppStore|iPhone
		Default|Any CPU = Default|Any CPU
	EndGlobalSection
	GlobalSection(ProjectConfigurationPlatforms) = postSolution
		{F1BE10BB-84AE-42A0-895A-8A7918F87A28}.Ad-Hoc|iPhone.ActiveCfg = Debug|Any CPU
		{F1BE10BB-84AE-42A0-895A-8A7918F87A28}.Ad-Hoc|iPhone.Build.0 = Debug|Any CPU
		{F1BE10BB-84AE-42A0-895A-8A7918F87A28}.AppStore|iPhone.ActiveCfg = Debug|Any CPU
		{F1BE10BB-84AE-42A0-895A-8A7918F87A28}.AppStore|iPhone.Build.0 = Debug|Any CPU
		{F1BE10BB-84AE-42A0-895A-8A7918F87A28}.Debug|Any CPU.ActiveCfg = Debug|Any CPU
		{F1BE10BB-84AE-42A0-895A-8A7918F87A28}.Debug|Any CPU.Build.0 = Debug|Any CPU
		{F1BE10BB-84AE-42A0-895A-8A7918F87A28}.Debug|iPhone.ActiveCfg = Debug|Any CPU
		{F1BE10BB-84AE-42A0-895A-8A7918F87A28}.Debug|iPhone.Build.0 = Debug|Any CPU
		{F1BE10BB-84AE-42A0-895A-8A7918F87A28}.Debug|iPhoneSimulator.ActiveCfg = Debug|Any CPU
		{F1BE10BB-84AE-42A0-895A-8A7918F87A28}.Debug|iPhoneSimulator.Build.0 = Debug|Any CPU
		{F1BE10BB-84AE-42A0-895A-8A7918F87A28}.Default|Any CPU.ActiveCfg = Debug|Any CPU
		{F1BE10BB-84AE-42A0-895A-8A7918F87A28}.Default|Any CPU.Build.0 = Debug|Any CPU
		{F1BE10BB-84AE-42A0-895A-8A7918F87A28}.Release|Any CPU.ActiveCfg = Release|Any CPU
		{F1BE10BB-84AE-42A0-895A-8A7918F87A28}.Release|Any CPU.Build.0 = Release|Any CPU
		{F1BE10BB-84AE-42A0-895A-8A7918F87A28}.Release|iPhone.ActiveCfg = Release|Any CPU
		{F1BE10BB-84AE-42A0-895A-8A7918F87A28}.Release|iPhone.Build.0 = Release|Any CPU
		{F1BE10BB-84AE-42A0-895A-8A7918F87A28}.Release|iPhoneSimulator.ActiveCfg = Release|Any CPU
		{F1BE10BB-84AE-42A0-895A-8A7918F87A28}.Release|iPhoneSimulator.Build.0 = Release|Any CPU
	EndGlobalSection
	GlobalSection(MonoDevelopProperties) = preSolution
		Policies = $0
		$0.TextStylePolicy = $1
		$1.inheritsSet = VisualStudio
		$1.scope = text/plain
		$1.FileWidth = 120
		$1.inheritsScope = text/plain
		$0.CSharpFormattingPolicy = $2
		$2.AfterDelegateDeclarationParameterComma = True
		$2.inheritsSet = Mono
		$2.inheritsScope = text/x-csharp
		$2.scope = text/x-csharp
		$0.TextStylePolicy = $3
		$3.FileWidth = 120
		$3.inheritsSet = VisualStudio
		$3.inheritsScope = text/plain
		$3.scope = text/plain
		$0.StandardHeader = $4
		$4.Text = 
		$4.IncludeInNewFiles = True
	EndGlobalSection
EndGlobal
