
Microsoft Visual Studio Solution File, Format Version 12.00
# Visual Studio Express 2013 for Windows
VisualStudioVersion = 12.0.30723.0
MinimumVisualStudioVersion = 10.0.40219.1
Project("{FAE04EC0-301F-11D3-BF4B-00C04F79EFBC}") = "PubnubWindowsPhone", "PubnubWindowsPhone\PubnubWindowsPhone.csproj", "{D069156D-FB07-40B0-9664-A0E9B03570BF}"
EndProject
Project("{FAE04EC0-301F-11D3-BF4B-00C04F79EFBC}") = "PubnubCore", "PubnubCore\PubnubCore.csproj", "{B80573EF-894D-49D7-A776-7F1AD6FF40B2}"
EndProject
Project("{FAE04EC0-301F-11D3-BF4B-00C04F79EFBC}") = "PubnubWindowsPhone.Test", "PubnubWindowsPhone.Test\PubnubWindowsPhone.Test.csproj", "{AA3125B8-89E3-480D-8000-61C276F3E6C6}"
EndProject
Global
	GlobalSection(SolutionConfigurationPlatforms) = preSolution
		Debug|Any CPU = Debug|Any CPU
		Debug|ARM = Debug|ARM
		Debug|x86 = Debug|x86
		Release|Any CPU = Release|Any CPU
		Release|ARM = Release|ARM
		Release|x86 = Release|x86
	EndGlobalSection
	GlobalSection(ProjectConfigurationPlatforms) = postSolution
		{D069156D-FB07-40B0-9664-A0E9B03570BF}.Debug|Any CPU.ActiveCfg = Debug|Any CPU
		{D069156D-FB07-40B0-9664-A0E9B03570BF}.Debug|Any CPU.Build.0 = Debug|Any CPU
		{D069156D-FB07-40B0-9664-A0E9B03570BF}.Debug|Any CPU.Deploy.0 = Debug|Any CPU
		{D069156D-FB07-40B0-9664-A0E9B03570BF}.Debug|ARM.ActiveCfg = Debug|ARM
		{D069156D-FB07-40B0-9664-A0E9B03570BF}.Debug|ARM.Build.0 = Debug|ARM
		{D069156D-FB07-40B0-9664-A0E9B03570BF}.Debug|ARM.Deploy.0 = Debug|ARM
		{D069156D-FB07-40B0-9664-A0E9B03570BF}.Debug|x86.ActiveCfg = Debug|x86
		{D069156D-FB07-40B0-9664-A0E9B03570BF}.Debug|x86.Build.0 = Debug|x86
		{D069156D-FB07-40B0-9664-A0E9B03570BF}.Debug|x86.Deploy.0 = Debug|x86
		{D069156D-FB07-40B0-9664-A0E9B03570BF}.Release|Any CPU.ActiveCfg = Release|Any CPU
		{D069156D-FB07-40B0-9664-A0E9B03570BF}.Release|Any CPU.Build.0 = Release|Any CPU
		{D069156D-FB07-40B0-9664-A0E9B03570BF}.Release|Any CPU.Deploy.0 = Release|Any CPU
		{D069156D-FB07-40B0-9664-A0E9B03570BF}.Release|ARM.ActiveCfg = Release|ARM
		{D069156D-FB07-40B0-9664-A0E9B03570BF}.Release|ARM.Build.0 = Release|ARM
		{D069156D-FB07-40B0-9664-A0E9B03570BF}.Release|ARM.Deploy.0 = Release|ARM
		{D069156D-FB07-40B0-9664-A0E9B03570BF}.Release|x86.ActiveCfg = Release|x86
		{D069156D-FB07-40B0-9664-A0E9B03570BF}.Release|x86.Build.0 = Release|x86
		{D069156D-FB07-40B0-9664-A0E9B03570BF}.Release|x86.Deploy.0 = Release|x86
		{B80573EF-894D-49D7-A776-7F1AD6FF40B2}.Debug|Any CPU.ActiveCfg = Debug|Any CPU
		{B80573EF-894D-49D7-A776-7F1AD6FF40B2}.Debug|Any CPU.Build.0 = Debug|Any CPU
		{B80573EF-894D-49D7-A776-7F1AD6FF40B2}.Debug|Any CPU.Deploy.0 = Debug|Any CPU
		{B80573EF-894D-49D7-A776-7F1AD6FF40B2}.Debug|ARM.ActiveCfg = Debug|ARM
		{B80573EF-894D-49D7-A776-7F1AD6FF40B2}.Debug|ARM.Build.0 = Debug|ARM
		{B80573EF-894D-49D7-A776-7F1AD6FF40B2}.Debug|x86.ActiveCfg = Debug|x86
		{B80573EF-894D-49D7-A776-7F1AD6FF40B2}.Debug|x86.Build.0 = Debug|x86
		{B80573EF-894D-49D7-A776-7F1AD6FF40B2}.Release|Any CPU.ActiveCfg = Release|Any CPU
		{B80573EF-894D-49D7-A776-7F1AD6FF40B2}.Release|Any CPU.Build.0 = Release|Any CPU
		{B80573EF-894D-49D7-A776-7F1AD6FF40B2}.Release|ARM.ActiveCfg = Release|ARM
		{B80573EF-894D-49D7-A776-7F1AD6FF40B2}.Release|ARM.Build.0 = Release|ARM
		{B80573EF-894D-49D7-A776-7F1AD6FF40B2}.Release|x86.ActiveCfg = Release|x86
		{B80573EF-894D-49D7-A776-7F1AD6FF40B2}.Release|x86.Build.0 = Release|x86
		{AA3125B8-89E3-480D-8000-61C276F3E6C6}.Debug|Any CPU.ActiveCfg = Debug|Any CPU
		{AA3125B8-89E3-480D-8000-61C276F3E6C6}.Debug|Any CPU.Build.0 = Debug|Any CPU
		{AA3125B8-89E3-480D-8000-61C276F3E6C6}.Debug|ARM.ActiveCfg = Debug|ARM
		{AA3125B8-89E3-480D-8000-61C276F3E6C6}.Debug|ARM.Build.0 = Debug|ARM
		{AA3125B8-89E3-480D-8000-61C276F3E6C6}.Debug|x86.ActiveCfg = Debug|x86
		{AA3125B8-89E3-480D-8000-61C276F3E6C6}.Debug|x86.Build.0 = Debug|x86
		{AA3125B8-89E3-480D-8000-61C276F3E6C6}.Release|Any CPU.ActiveCfg = Release|Any CPU
		{AA3125B8-89E3-480D-8000-61C276F3E6C6}.Release|Any CPU.Build.0 = Release|Any CPU
		{AA3125B8-89E3-480D-8000-61C276F3E6C6}.Release|ARM.ActiveCfg = Release|ARM
		{AA3125B8-89E3-480D-8000-61C276F3E6C6}.Release|ARM.Build.0 = Release|ARM
		{AA3125B8-89E3-480D-8000-61C276F3E6C6}.Release|x86.ActiveCfg = Release|x86
		{AA3125B8-89E3-480D-8000-61C276F3E6C6}.Release|x86.Build.0 = Release|x86
	EndGlobalSection
	GlobalSection(SolutionProperties) = preSolution
		HideSolutionNode = FALSE
	EndGlobalSection
EndGlobal
